<?xml version="1.0" encoding="utf-8"?>
<Project ToolsVersion="4.0" xmlns="http://schemas.microsoft.com/developer/msbuild/2003">
  <ItemGroup>
    <Filter Include="소스 파일">
      <UniqueIdentifier>{4FC737F1-C7A5-4376-A066-2A32D752A2FF}</UniqueIdentifier>
      <Extensions>cpp;c;cc;cxx;c++;cppm;ixx;def;odl;idl;hpj;bat;asm;asmx</Extensions>
    </Filter>
    <Filter Include="헤더 파일">
      <UniqueIdentifier>{93995380-89BD-4b04-88EB-625FBE52EBFB}</UniqueIdentifier>
      <Extensions>h;hh;hpp;hxx;h++;hm;inl;inc;ipp;xsd</Extensions>
    </Filter>
    <Filter Include="리소스 파일">
      <UniqueIdentifier>{67DA6AB6-F800-4c08-8B7A-83BB121AAD01}</UniqueIdentifier>
      <Extensions>rc;ico;cur;bmp;dlg;rc2;rct;bin;rgs;gif;jpg;jpeg;jpe;resx;tiff;tif;png;wav;mfcribbon-ms</Extensions>
    </Filter>
    <Filter Include="소스 파일\Server">
      <UniqueIdentifier>{7e692a0c-1b7d-4a44-ae17-eeba56a096b9}</UniqueIdentifier>
    </Filter>
    <Filter Include="소스 파일\Message">
      <UniqueIdentifier>{e9753857-fb3f-40cc-a9d1-5c5325be54c5}</UniqueIdentifier>
    </Filter>
    <Filter Include="소스 파일\Algorithm">
      <UniqueIdentifier>{ca8a4dda-6c2d-4d87-b814-955858801158}</UniqueIdentifier>
    </Filter>
  </ItemGroup>
  <ItemGroup>
    <ClCompile Include="main.cpp">
      <Filter>소스 파일</Filter>
    </ClCompile>
    <ClCompile Include="Server\Server.cpp">
      <Filter>소스 파일\Server</Filter>
    </ClCompile>
    <ClCompile Include="..\..\Message\Message.cpp">
      <Filter>소스 파일\Message</Filter>
    </ClCompile>
    <ClCompile Include="..\..\Algorithm\Algorithm.cpp">
      <Filter>소스 파일\Algorithm</Filter>
    </ClCompile>
    <ClCompile Include="MsgMgr\MsgMgr.cpp">
      <Filter>소스 파일\Message</Filter>
    </ClCompile>
  </ItemGroup>
  <ItemGroup>
    <ClInclude Include="main.h">
      <Filter>소스 파일</Filter>
    </ClInclude>
    <ClInclude Include="Server\Server.h">
      <Filter>소스 파일\Server</Filter>
    </ClInclude>
    <ClInclude Include="..\..\Message\Message.h">
      <Filter>소스 파일\Message</Filter>
    </ClInclude>
    <ClInclude Include="..\..\Algorithm\Algorithm.h">
      <Filter>소스 파일\Algorithm</Filter>
    </ClInclude>
    <ClInclude Include="MsgMgr\MsgMgr.h">
      <Filter>소스 파일\Message</Filter>
    </ClInclude>
  </ItemGroup>
</Project>