
Microsoft Visual Studio Solution File, Format Version 12.00
# Visual Studio Version 16
Project("{2150E333-8FDC-42A3-9474-1A3956D46DE8}") = "CMakePredefinedTargets", "CMakePredefinedTargets", "{678882C6-A079-3938-B325-85D08FD090FF}"
EndProject
Project("{2150E333-8FDC-42A3-9474-1A3956D46DE8}") = "External", "External", "{F8EDE43F-C9E6-3DB7-B3F2-40FA97ABE2B6}"
EndProject
Project("{2150E333-8FDC-42A3-9474-1A3956D46DE8}") = "Internal", "Internal", "{5F4B39FB-BC9E-33CE-AD4D-7072CC13D7D9}"
EndProject
Project("{2150E333-8FDC-42A3-9474-1A3956D46DE8}") = "Utils", "Utils", "{0EE753B7-FF29-35FE-BEA2-34E2D794DA9D}"
EndProject
Project("{8BC9CEB8-8B4A-11D0-8D11-00A0C91BC942}") = "ALL_BUILD", "ALL_BUILD.vcxproj", "{E6DE5022-C23F-3257-BC47-9C621AE419E9}"
	ProjectSection(ProjectDependencies) = postProject
		{40787BE8-08DA-39CA-8A23-2B6430E15638} = {40787BE8-08DA-39CA-8A23-2B6430E15638}
		{D1032E63-52B0-3DBC-99BB-7EBAE97F577E} = {D1032E63-52B0-3DBC-99BB-7EBAE97F577E}
		{DB5B6FCE-8ED1-334A-BE52-05BE4E7D943A} = {DB5B6FCE-8ED1-334A-BE52-05BE4E7D943A}
		{3FBC2621-901A-3FE3-A962-3872278968BE} = {3FBC2621-901A-3FE3-A962-3872278968BE}
		{B77CABB5-AA87-3AE2-A1D5-734ECB1951ED} = {B77CABB5-AA87-3AE2-A1D5-734ECB1951ED}
		{B1E08D5A-A9F0-378E-8D9E-DA73F96AC360} = {B1E08D5A-A9F0-378E-8D9E-DA73F96AC360}
		{4021E8FB-97C3-3F30-A8D7-E799886AEE9E} = {4021E8FB-97C3-3F30-A8D7-E799886AEE9E}
		{15B31086-4244-3B74-B79B-89ED85E75688} = {15B31086-4244-3B74-B79B-89ED85E75688}
		{398323B0-BFBC-32D2-AE91-426BA09CF2D6} = {398323B0-BFBC-32D2-AE91-426BA09CF2D6}
		{61115F11-24DF-393A-ACAA-D8E55D9D85E1} = {61115F11-24DF-393A-ACAA-D8E55D9D85E1}
		{9790DF36-1220-3E23-8A27-0BAA4E8951A5} = {9790DF36-1220-3E23-8A27-0BAA4E8951A5}
		{3F067928-6AC9-3C55-A287-7E3C030189F5} = {3F067928-6AC9-3C55-A287-7E3C030189F5}
		{856F2F74-FDBC-3E51-A9FB-0D91A1659002} = {856F2F74-FDBC-3E51-A9FB-0D91A1659002}
		{038C5F29-E916-36D5-A22A-3C254761A98A} = {038C5F29-E916-36D5-A22A-3C254761A98A}
		{6D94E934-0D6D-3428-93C3-3C35A0CBA9DE} = {6D94E934-0D6D-3428-93C3-3C35A0CBA9DE}
	EndProjectSection
EndProject
Project("{8BC9CEB8-8B4A-11D0-8D11-00A0C91BC942}") = "Omok", "Omok.vcxproj", "{40787BE8-08DA-39CA-8A23-2B6430E15638}"
	ProjectSection(ProjectDependencies) = postProject
		{D1032E63-52B0-3DBC-99BB-7EBAE97F577E} = {D1032E63-52B0-3DBC-99BB-7EBAE97F577E}
		{DB5B6FCE-8ED1-334A-BE52-05BE4E7D943A} = {DB5B6FCE-8ED1-334A-BE52-05BE4E7D943A}
		{3FBC2621-901A-3FE3-A962-3872278968BE} = {3FBC2621-901A-3FE3-A962-3872278968BE}
		{B77CABB5-AA87-3AE2-A1D5-734ECB1951ED} = {B77CABB5-AA87-3AE2-A1D5-734ECB1951ED}
		{B1E08D5A-A9F0-378E-8D9E-DA73F96AC360} = {B1E08D5A-A9F0-378E-8D9E-DA73F96AC360}
		{4021E8FB-97C3-3F30-A8D7-E799886AEE9E} = {4021E8FB-97C3-3F30-A8D7-E799886AEE9E}
		{15B31086-4244-3B74-B79B-89ED85E75688} = {15B31086-4244-3B74-B79B-89ED85E75688}
		{398323B0-BFBC-32D2-AE91-426BA09CF2D6} = {398323B0-BFBC-32D2-AE91-426BA09CF2D6}
		{61115F11-24DF-393A-ACAA-D8E55D9D85E1} = {61115F11-24DF-393A-ACAA-D8E55D9D85E1}
		{9790DF36-1220-3E23-8A27-0BAA4E8951A5} = {9790DF36-1220-3E23-8A27-0BAA4E8951A5}
		{3F067928-6AC9-3C55-A287-7E3C030189F5} = {3F067928-6AC9-3C55-A287-7E3C030189F5}
		{856F2F74-FDBC-3E51-A9FB-0D91A1659002} = {856F2F74-FDBC-3E51-A9FB-0D91A1659002}
		{038C5F29-E916-36D5-A22A-3C254761A98A} = {038C5F29-E916-36D5-A22A-3C254761A98A}
		{6D94E934-0D6D-3428-93C3-3C35A0CBA9DE} = {6D94E934-0D6D-3428-93C3-3C35A0CBA9DE}
	EndProjectSection
EndProject
Project("{8BC9CEB8-8B4A-11D0-8D11-00A0C91BC942}") = "SYNC_RESOURCE-Omok", "SYNC_RESOURCE-Omok.vcxproj", "{D1032E63-52B0-3DBC-99BB-7EBAE97F577E}"
	ProjectSection(ProjectDependencies) = postProject
		{DB5B6FCE-8ED1-334A-BE52-05BE4E7D943A} = {DB5B6FCE-8ED1-334A-BE52-05BE4E7D943A}
	EndProjectSection
EndProject
Project("{8BC9CEB8-8B4A-11D0-8D11-00A0C91BC942}") = "ZERO_CHECK", "ZERO_CHECK.vcxproj", "{DB5B6FCE-8ED1-334A-BE52-05BE4E7D943A}"
	ProjectSection(ProjectDependencies) = postProject
	EndProjectSection
EndProject
Project("{8BC9CEB8-8B4A-11D0-8D11-00A0C91BC942}") = "cocos2d", "engine\cocos\core\cocos2d.vcxproj", "{3FBC2621-901A-3FE3-A962-3872278968BE}"
	ProjectSection(ProjectDependencies) = postProject
		{DB5B6FCE-8ED1-334A-BE52-05BE4E7D943A} = {DB5B6FCE-8ED1-334A-BE52-05BE4E7D943A}
		{B77CABB5-AA87-3AE2-A1D5-734ECB1951ED} = {B77CABB5-AA87-3AE2-A1D5-734ECB1951ED}
		{B1E08D5A-A9F0-378E-8D9E-DA73F96AC360} = {B1E08D5A-A9F0-378E-8D9E-DA73F96AC360}
		{4021E8FB-97C3-3F30-A8D7-E799886AEE9E} = {4021E8FB-97C3-3F30-A8D7-E799886AEE9E}
		{15B31086-4244-3B74-B79B-89ED85E75688} = {15B31086-4244-3B74-B79B-89ED85E75688}
		{398323B0-BFBC-32D2-AE91-426BA09CF2D6} = {398323B0-BFBC-32D2-AE91-426BA09CF2D6}
		{61115F11-24DF-393A-ACAA-D8E55D9D85E1} = {61115F11-24DF-393A-ACAA-D8E55D9D85E1}
		{9790DF36-1220-3E23-8A27-0BAA4E8951A5} = {9790DF36-1220-3E23-8A27-0BAA4E8951A5}
		{3F067928-6AC9-3C55-A287-7E3C030189F5} = {3F067928-6AC9-3C55-A287-7E3C030189F5}
		{856F2F74-FDBC-3E51-A9FB-0D91A1659002} = {856F2F74-FDBC-3E51-A9FB-0D91A1659002}
		{038C5F29-E916-36D5-A22A-3C254761A98A} = {038C5F29-E916-36D5-A22A-3C254761A98A}
		{6D94E934-0D6D-3428-93C3-3C35A0CBA9DE} = {6D94E934-0D6D-3428-93C3-3C35A0CBA9DE}
	EndProjectSection
EndProject
Project("{8BC9CEB8-8B4A-11D0-8D11-00A0C91BC942}") = "ext_clipper", "engine\external\clipper\ext_clipper.vcxproj", "{B77CABB5-AA87-3AE2-A1D5-734ECB1951ED}"
	ProjectSection(ProjectDependencies) = postProject
		{DB5B6FCE-8ED1-334A-BE52-05BE4E7D943A} = {DB5B6FCE-8ED1-334A-BE52-05BE4E7D943A}
	EndProjectSection
EndProject
Project("{8BC9CEB8-8B4A-11D0-8D11-00A0C91BC942}") = "ext_convertUTF", "engine\external\ConvertUTF\ext_convertUTF.vcxproj", "{B1E08D5A-A9F0-378E-8D9E-DA73F96AC360}"
	ProjectSection(ProjectDependencies) = postProject
		{DB5B6FCE-8ED1-334A-BE52-05BE4E7D943A} = {DB5B6FCE-8ED1-334A-BE52-05BE4E7D943A}
	EndProjectSection
EndProject
Project("{8BC9CEB8-8B4A-11D0-8D11-00A0C91BC942}") = "ext_edtaa3func", "engine\external\edtaa3func\ext_edtaa3func.vcxproj", "{4021E8FB-97C3-3F30-A8D7-E799886AEE9E}"
	ProjectSection(ProjectDependencies) = postProject
		{DB5B6FCE-8ED1-334A-BE52-05BE4E7D943A} = {DB5B6FCE-8ED1-334A-BE52-05BE4E7D943A}
	EndProjectSection
EndProject
Project("{8BC9CEB8-8B4A-11D0-8D11-00A0C91BC942}") = "ext_md5", "engine\external\md5\ext_md5.vcxproj", "{15B31086-4244-3B74-B79B-89ED85E75688}"
	ProjectSection(ProjectDependencies) = postProject
		{DB5B6FCE-8ED1-334A-BE52-05BE4E7D943A} = {DB5B6FCE-8ED1-334A-BE52-05BE4E7D943A}
	EndProjectSection
EndProject
Project("{8BC9CEB8-8B4A-11D0-8D11-00A0C91BC942}") = "ext_poly2tri", "engine\external\poly2tri\ext_poly2tri.vcxproj", "{398323B0-BFBC-32D2-AE91-426BA09CF2D6}"
	ProjectSection(ProjectDependencies) = postProject
		{DB5B6FCE-8ED1-334A-BE52-05BE4E7D943A} = {DB5B6FCE-8ED1-334A-BE52-05BE4E7D943A}
	EndProjectSection
EndProject
Project("{8BC9CEB8-8B4A-11D0-8D11-00A0C91BC942}") = "ext_recast", "engine\external\recast\ext_recast.vcxproj", "{61115F11-24DF-393A-ACAA-D8E55D9D85E1}"
	ProjectSection(ProjectDependencies) = postProject
		{DB5B6FCE-8ED1-334A-BE52-05BE4E7D943A} = {DB5B6FCE-8ED1-334A-BE52-05BE4E7D943A}
	EndProjectSection
EndProject
Project("{8BC9CEB8-8B4A-11D0-8D11-00A0C91BC942}") = "ext_tinyxml2", "engine\external\tinyxml2\ext_tinyxml2.vcxproj", "{9790DF36-1220-3E23-8A27-0BAA4E8951A5}"
	ProjectSection(ProjectDependencies) = postProject
		{DB5B6FCE-8ED1-334A-BE52-05BE4E7D943A} = {DB5B6FCE-8ED1-334A-BE52-05BE4E7D943A}
	EndProjectSection
EndProject
Project("{8BC9CEB8-8B4A-11D0-8D11-00A0C91BC942}") = "ext_unzip", "engine\external\unzip\ext_unzip.vcxproj", "{3F067928-6AC9-3C55-A287-7E3C030189F5}"
	ProjectSection(ProjectDependencies) = postProject
		{DB5B6FCE-8ED1-334A-BE52-05BE4E7D943A} = {DB5B6FCE-8ED1-334A-BE52-05BE4E7D943A}
	EndProjectSection
EndProject
Project("{8BC9CEB8-8B4A-11D0-8D11-00A0C91BC942}") = "ext_xxhash", "engine\external\xxhash\ext_xxhash.vcxproj", "{856F2F74-FDBC-3E51-A9FB-0D91A1659002}"
	ProjectSection(ProjectDependencies) = postProject
		{DB5B6FCE-8ED1-334A-BE52-05BE4E7D943A} = {DB5B6FCE-8ED1-334A-BE52-05BE4E7D943A}
	EndProjectSection
EndProject
Project("{8BC9CEB8-8B4A-11D0-8D11-00A0C91BC942}") = "ext_xxtea", "engine\external\xxtea\ext_xxtea.vcxproj", "{038C5F29-E916-36D5-A22A-3C254761A98A}"
	ProjectSection(ProjectDependencies) = postProject
		{DB5B6FCE-8ED1-334A-BE52-05BE4E7D943A} = {DB5B6FCE-8ED1-334A-BE52-05BE4E7D943A}
	EndProjectSection
EndProject
Project("{8BC9CEB8-8B4A-11D0-8D11-00A0C91BC942}") = "external", "engine\external\external.vcxproj", "{6D94E934-0D6D-3428-93C3-3C35A0CBA9DE}"
	ProjectSection(ProjectDependencies) = postProject
		{DB5B6FCE-8ED1-334A-BE52-05BE4E7D943A} = {DB5B6FCE-8ED1-334A-BE52-05BE4E7D943A}
		{B77CABB5-AA87-3AE2-A1D5-734ECB1951ED} = {B77CABB5-AA87-3AE2-A1D5-734ECB1951ED}
		{B1E08D5A-A9F0-378E-8D9E-DA73F96AC360} = {B1E08D5A-A9F0-378E-8D9E-DA73F96AC360}
		{4021E8FB-97C3-3F30-A8D7-E799886AEE9E} = {4021E8FB-97C3-3F30-A8D7-E799886AEE9E}
		{15B31086-4244-3B74-B79B-89ED85E75688} = {15B31086-4244-3B74-B79B-89ED85E75688}
		{398323B0-BFBC-32D2-AE91-426BA09CF2D6} = {398323B0-BFBC-32D2-AE91-426BA09CF2D6}
		{61115F11-24DF-393A-ACAA-D8E55D9D85E1} = {61115F11-24DF-393A-ACAA-D8E55D9D85E1}
		{9790DF36-1220-3E23-8A27-0BAA4E8951A5} = {9790DF36-1220-3E23-8A27-0BAA4E8951A5}
		{3F067928-6AC9-3C55-A287-7E3C030189F5} = {3F067928-6AC9-3C55-A287-7E3C030189F5}
		{856F2F74-FDBC-3E51-A9FB-0D91A1659002} = {856F2F74-FDBC-3E51-A9FB-0D91A1659002}
		{038C5F29-E916-36D5-A22A-3C254761A98A} = {038C5F29-E916-36D5-A22A-3C254761A98A}
	EndProjectSection
EndProject
Global
	GlobalSection(SolutionConfigurationPlatforms) = preSolution
		Debug|Win32 = Debug|Win32
		Release|Win32 = Release|Win32
		MinSizeRel|Win32 = MinSizeRel|Win32
		RelWithDebInfo|Win32 = RelWithDebInfo|Win32
	EndGlobalSection
	GlobalSection(ProjectConfigurationPlatforms) = postSolution
		{E6DE5022-C23F-3257-BC47-9C621AE419E9}.Debug|Win32.ActiveCfg = Debug|Win32
		{E6DE5022-C23F-3257-BC47-9C621AE419E9}.Release|Win32.ActiveCfg = Release|Win32
		{E6DE5022-C23F-3257-BC47-9C621AE419E9}.MinSizeRel|Win32.ActiveCfg = MinSizeRel|Win32
		{E6DE5022-C23F-3257-BC47-9C621AE419E9}.RelWithDebInfo|Win32.ActiveCfg = RelWithDebInfo|Win32
		{40787BE8-08DA-39CA-8A23-2B6430E15638}.Debug|Win32.ActiveCfg = Debug|Win32
		{40787BE8-08DA-39CA-8A23-2B6430E15638}.Debug|Win32.Build.0 = Debug|Win32
		{40787BE8-08DA-39CA-8A23-2B6430E15638}.Release|Win32.ActiveCfg = Release|Win32
		{40787BE8-08DA-39CA-8A23-2B6430E15638}.Release|Win32.Build.0 = Release|Win32
		{40787BE8-08DA-39CA-8A23-2B6430E15638}.MinSizeRel|Win32.ActiveCfg = MinSizeRel|Win32
		{40787BE8-08DA-39CA-8A23-2B6430E15638}.MinSizeRel|Win32.Build.0 = MinSizeRel|Win32
		{40787BE8-08DA-39CA-8A23-2B6430E15638}.RelWithDebInfo|Win32.ActiveCfg = RelWithDebInfo|Win32
		{40787BE8-08DA-39CA-8A23-2B6430E15638}.RelWithDebInfo|Win32.Build.0 = RelWithDebInfo|Win32
		{D1032E63-52B0-3DBC-99BB-7EBAE97F577E}.Debug|Win32.ActiveCfg = Debug|Win32
		{D1032E63-52B0-3DBC-99BB-7EBAE97F577E}.Debug|Win32.Build.0 = Debug|Win32
		{D1032E63-52B0-3DBC-99BB-7EBAE97F577E}.Release|Win32.ActiveCfg = Release|Win32
		{D1032E63-52B0-3DBC-99BB-7EBAE97F577E}.Release|Win32.Build.0 = Release|Win32
		{D1032E63-52B0-3DBC-99BB-7EBAE97F577E}.MinSizeRel|Win32.ActiveCfg = MinSizeRel|Win32
		{D1032E63-52B0-3DBC-99BB-7EBAE97F577E}.MinSizeRel|Win32.Build.0 = MinSizeRel|Win32
		{D1032E63-52B0-3DBC-99BB-7EBAE97F577E}.RelWithDebInfo|Win32.ActiveCfg = RelWithDebInfo|Win32
		{D1032E63-52B0-3DBC-99BB-7EBAE97F577E}.RelWithDebInfo|Win32.Build.0 = RelWithDebInfo|Win32
		{DB5B6FCE-8ED1-334A-BE52-05BE4E7D943A}.Debug|Win32.ActiveCfg = Debug|Win32
		{DB5B6FCE-8ED1-334A-BE52-05BE4E7D943A}.Debug|Win32.Build.0 = Debug|Win32
		{DB5B6FCE-8ED1-334A-BE52-05BE4E7D943A}.Release|Win32.ActiveCfg = Release|Win32
		{DB5B6FCE-8ED1-334A-BE52-05BE4E7D943A}.Release|Win32.Build.0 = Release|Win32
		{DB5B6FCE-8ED1-334A-BE52-05BE4E7D943A}.MinSizeRel|Win32.ActiveCfg = MinSizeRel|Win32
		{DB5B6FCE-8ED1-334A-BE52-05BE4E7D943A}.MinSizeRel|Win32.Build.0 = MinSizeRel|Win32
		{DB5B6FCE-8ED1-334A-BE52-05BE4E7D943A}.RelWithDebInfo|Win32.ActiveCfg = RelWithDebInfo|Win32
		{DB5B6FCE-8ED1-334A-BE52-05BE4E7D943A}.RelWithDebInfo|Win32.Build.0 = RelWithDebInfo|Win32
		{3FBC2621-901A-3FE3-A962-3872278968BE}.Debug|Win32.ActiveCfg = Debug|Win32
		{3FBC2621-901A-3FE3-A962-3872278968BE}.Debug|Win32.Build.0 = Debug|Win32
		{3FBC2621-901A-3FE3-A962-3872278968BE}.Release|Win32.ActiveCfg = Release|Win32
		{3FBC2621-901A-3FE3-A962-3872278968BE}.Release|Win32.Build.0 = Release|Win32
		{3FBC2621-901A-3FE3-A962-3872278968BE}.MinSizeRel|Win32.ActiveCfg = MinSizeRel|Win32
		{3FBC2621-901A-3FE3-A962-3872278968BE}.MinSizeRel|Win32.Build.0 = MinSizeRel|Win32
		{3FBC2621-901A-3FE3-A962-3872278968BE}.RelWithDebInfo|Win32.ActiveCfg = RelWithDebInfo|Win32
		{3FBC2621-901A-3FE3-A962-3872278968BE}.RelWithDebInfo|Win32.Build.0 = RelWithDebInfo|Win32
		{B77CABB5-AA87-3AE2-A1D5-734ECB1951ED}.Debug|Win32.ActiveCfg = Debug|Win32
		{B77CABB5-AA87-3AE2-A1D5-734ECB1951ED}.Debug|Win32.Build.0 = Debug|Win32
		{B77CABB5-AA87-3AE2-A1D5-734ECB1951ED}.Release|Win32.ActiveCfg = Release|Win32
		{B77CABB5-AA87-3AE2-A1D5-734ECB1951ED}.Release|Win32.Build.0 = Release|Win32
		{B77CABB5-AA87-3AE2-A1D5-734ECB1951ED}.MinSizeRel|Win32.ActiveCfg = MinSizeRel|Win32
		{B77CABB5-AA87-3AE2-A1D5-734ECB1951ED}.MinSizeRel|Win32.Build.0 = MinSizeRel|Win32
		{B77CABB5-AA87-3AE2-A1D5-734ECB1951ED}.RelWithDebInfo|Win32.ActiveCfg = RelWithDebInfo|Win32
		{B77CABB5-AA87-3AE2-A1D5-734ECB1951ED}.RelWithDebInfo|Win32.Build.0 = RelWithDebInfo|Win32
		{B1E08D5A-A9F0-378E-8D9E-DA73F96AC360}.Debug|Win32.ActiveCfg = Debug|Win32
		{B1E08D5A-A9F0-378E-8D9E-DA73F96AC360}.Debug|Win32.Build.0 = Debug|Win32
		{B1E08D5A-A9F0-378E-8D9E-DA73F96AC360}.Release|Win32.ActiveCfg = Release|Win32
		{B1E08D5A-A9F0-378E-8D9E-DA73F96AC360}.Release|Win32.Build.0 = Release|Win32
		{B1E08D5A-A9F0-378E-8D9E-DA73F96AC360}.MinSizeRel|Win32.ActiveCfg = MinSizeRel|Win32
		{B1E08D5A-A9F0-378E-8D9E-DA73F96AC360}.MinSizeRel|Win32.Build.0 = MinSizeRel|Win32
		{B1E08D5A-A9F0-378E-8D9E-DA73F96AC360}.RelWithDebInfo|Win32.ActiveCfg = RelWithDebInfo|Win32
		{B1E08D5A-A9F0-378E-8D9E-DA73F96AC360}.RelWithDebInfo|Win32.Build.0 = RelWithDebInfo|Win32
		{4021E8FB-97C3-3F30-A8D7-E799886AEE9E}.Debug|Win32.ActiveCfg = Debug|Win32
		{4021E8FB-97C3-3F30-A8D7-E799886AEE9E}.Debug|Win32.Build.0 = Debug|Win32
		{4021E8FB-97C3-3F30-A8D7-E799886AEE9E}.Release|Win32.ActiveCfg = Release|Win32
		{4021E8FB-97C3-3F30-A8D7-E799886AEE9E}.Release|Win32.Build.0 = Release|Win32
		{4021E8FB-97C3-3F30-A8D7-E799886AEE9E}.MinSizeRel|Win32.ActiveCfg = MinSizeRel|Win32
		{4021E8FB-97C3-3F30-A8D7-E799886AEE9E}.MinSizeRel|Win32.Build.0 = MinSizeRel|Win32
		{4021E8FB-97C3-3F30-A8D7-E799886AEE9E}.RelWithDebInfo|Win32.ActiveCfg = RelWithDebInfo|Win32
		{4021E8FB-97C3-3F30-A8D7-E799886AEE9E}.RelWithDebInfo|Win32.Build.0 = RelWithDebInfo|Win32
		{15B31086-4244-3B74-B79B-89ED85E75688}.Debug|Win32.ActiveCfg = Debug|Win32
		{15B31086-4244-3B74-B79B-89ED85E75688}.Debug|Win32.Build.0 = Debug|Win32
		{15B31086-4244-3B74-B79B-89ED85E75688}.Release|Win32.ActiveCfg = Release|Win32
		{15B31086-4244-3B74-B79B-89ED85E75688}.Release|Win32.Build.0 = Release|Win32
		{15B31086-4244-3B74-B79B-89ED85E75688}.MinSizeRel|Win32.ActiveCfg = MinSizeRel|Win32
		{15B31086-4244-3B74-B79B-89ED85E75688}.MinSizeRel|Win32.Build.0 = MinSizeRel|Win32
		{15B31086-4244-3B74-B79B-89ED85E75688}.RelWithDebInfo|Win32.ActiveCfg = RelWithDebInfo|Win32
		{15B31086-4244-3B74-B79B-89ED85E75688}.RelWithDebInfo|Win32.Build.0 = RelWithDebInfo|Win32
		{398323B0-BFBC-32D2-AE91-426BA09CF2D6}.Debug|Win32.ActiveCfg = Debug|Win32
		{398323B0-BFBC-32D2-AE91-426BA09CF2D6}.Debug|Win32.Build.0 = Debug|Win32
		{398323B0-BFBC-32D2-AE91-426BA09CF2D6}.Release|Win32.ActiveCfg = Release|Win32
		{398323B0-BFBC-32D2-AE91-426BA09CF2D6}.Release|Win32.Build.0 = Release|Win32
		{398323B0-BFBC-32D2-AE91-426BA09CF2D6}.MinSizeRel|Win32.ActiveCfg = MinSizeRel|Win32
		{398323B0-BFBC-32D2-AE91-426BA09CF2D6}.MinSizeRel|Win32.Build.0 = MinSizeRel|Win32
		{398323B0-BFBC-32D2-AE91-426BA09CF2D6}.RelWithDebInfo|Win32.ActiveCfg = RelWithDebInfo|Win32
		{398323B0-BFBC-32D2-AE91-426BA09CF2D6}.RelWithDebInfo|Win32.Build.0 = RelWithDebInfo|Win32
		{61115F11-24DF-393A-ACAA-D8E55D9D85E1}.Debug|Win32.ActiveCfg = Debug|Win32
		{61115F11-24DF-393A-ACAA-D8E55D9D85E1}.Debug|Win32.Build.0 = Debug|Win32
		{61115F11-24DF-393A-ACAA-D8E55D9D85E1}.Release|Win32.ActiveCfg = Release|Win32
		{61115F11-24DF-393A-ACAA-D8E55D9D85E1}.Release|Win32.Build.0 = Release|Win32
		{61115F11-24DF-393A-ACAA-D8E55D9D85E1}.MinSizeRel|Win32.ActiveCfg = MinSizeRel|Win32
		{61115F11-24DF-393A-ACAA-D8E55D9D85E1}.MinSizeRel|Win32.Build.0 = MinSizeRel|Win32
		{61115F11-24DF-393A-ACAA-D8E55D9D85E1}.RelWithDebInfo|Win32.ActiveCfg = RelWithDebInfo|Win32
		{61115F11-24DF-393A-ACAA-D8E55D9D85E1}.RelWithDebInfo|Win32.Build.0 = RelWithDebInfo|Win32
		{9790DF36-1220-3E23-8A27-0BAA4E8951A5}.Debug|Win32.ActiveCfg = Debug|Win32
		{9790DF36-1220-3E23-8A27-0BAA4E8951A5}.Debug|Win32.Build.0 = Debug|Win32
		{9790DF36-1220-3E23-8A27-0BAA4E8951A5}.Release|Win32.ActiveCfg = Release|Win32
		{9790DF36-1220-3E23-8A27-0BAA4E8951A5}.Release|Win32.Build.0 = Release|Win32
		{9790DF36-1220-3E23-8A27-0BAA4E8951A5}.MinSizeRel|Win32.ActiveCfg = MinSizeRel|Win32
		{9790DF36-1220-3E23-8A27-0BAA4E8951A5}.MinSizeRel|Win32.Build.0 = MinSizeRel|Win32
		{9790DF36-1220-3E23-8A27-0BAA4E8951A5}.RelWithDebInfo|Win32.ActiveCfg = RelWithDebInfo|Win32
		{9790DF36-1220-3E23-8A27-0BAA4E8951A5}.RelWithDebInfo|Win32.Build.0 = RelWithDebInfo|Win32
		{3F067928-6AC9-3C55-A287-7E3C030189F5}.Debug|Win32.ActiveCfg = Debug|Win32
		{3F067928-6AC9-3C55-A287-7E3C030189F5}.Debug|Win32.Build.0 = Debug|Win32
		{3F067928-6AC9-3C55-A287-7E3C030189F5}.Release|Win32.ActiveCfg = Release|Win32
		{3F067928-6AC9-3C55-A287-7E3C030189F5}.Release|Win32.Build.0 = Release|Win32
		{3F067928-6AC9-3C55-A287-7E3C030189F5}.MinSizeRel|Win32.ActiveCfg = MinSizeRel|Win32
		{3F067928-6AC9-3C55-A287-7E3C030189F5}.MinSizeRel|Win32.Build.0 = MinSizeRel|Win32
		{3F067928-6AC9-3C55-A287-7E3C030189F5}.RelWithDebInfo|Win32.ActiveCfg = RelWithDebInfo|Win32
		{3F067928-6AC9-3C55-A287-7E3C030189F5}.RelWithDebInfo|Win32.Build.0 = RelWithDebInfo|Win32
		{856F2F74-FDBC-3E51-A9FB-0D91A1659002}.Debug|Win32.ActiveCfg = Debug|Win32
		{856F2F74-FDBC-3E51-A9FB-0D91A1659002}.Debug|Win32.Build.0 = Debug|Win32
		{856F2F74-FDBC-3E51-A9FB-0D91A1659002}.Release|Win32.ActiveCfg = Release|Win32
		{856F2F74-FDBC-3E51-A9FB-0D91A1659002}.Release|Win32.Build.0 = Release|Win32
		{856F2F74-FDBC-3E51-A9FB-0D91A1659002}.MinSizeRel|Win32.ActiveCfg = MinSizeRel|Win32
		{856F2F74-FDBC-3E51-A9FB-0D91A1659002}.MinSizeRel|Win32.Build.0 = MinSizeRel|Win32
		{856F2F74-FDBC-3E51-A9FB-0D91A1659002}.RelWithDebInfo|Win32.ActiveCfg = RelWithDebInfo|Win32
		{856F2F74-FDBC-3E51-A9FB-0D91A1659002}.RelWithDebInfo|Win32.Build.0 = RelWithDebInfo|Win32
		{038C5F29-E916-36D5-A22A-3C254761A98A}.Debug|Win32.ActiveCfg = Debug|Win32
		{038C5F29-E916-36D5-A22A-3C254761A98A}.Debug|Win32.Build.0 = Debug|Win32
		{038C5F29-E916-36D5-A22A-3C254761A98A}.Release|Win32.ActiveCfg = Release|Win32
		{038C5F29-E916-36D5-A22A-3C254761A98A}.Release|Win32.Build.0 = Release|Win32
		{038C5F29-E916-36D5-A22A-3C254761A98A}.MinSizeRel|Win32.ActiveCfg = MinSizeRel|Win32
		{038C5F29-E916-36D5-A22A-3C254761A98A}.MinSizeRel|Win32.Build.0 = MinSizeRel|Win32
		{038C5F29-E916-36D5-A22A-3C254761A98A}.RelWithDebInfo|Win32.ActiveCfg = RelWithDebInfo|Win32
		{038C5F29-E916-36D5-A22A-3C254761A98A}.RelWithDebInfo|Win32.Build.0 = RelWithDebInfo|Win32
		{6D94E934-0D6D-3428-93C3-3C35A0CBA9DE}.Debug|Win32.ActiveCfg = Debug|Win32
		{6D94E934-0D6D-3428-93C3-3C35A0CBA9DE}.Debug|Win32.Build.0 = Debug|Win32
		{6D94E934-0D6D-3428-93C3-3C35A0CBA9DE}.Release|Win32.ActiveCfg = Release|Win32
		{6D94E934-0D6D-3428-93C3-3C35A0CBA9DE}.Release|Win32.Build.0 = Release|Win32
		{6D94E934-0D6D-3428-93C3-3C35A0CBA9DE}.MinSizeRel|Win32.ActiveCfg = MinSizeRel|Win32
		{6D94E934-0D6D-3428-93C3-3C35A0CBA9DE}.MinSizeRel|Win32.Build.0 = MinSizeRel|Win32
		{6D94E934-0D6D-3428-93C3-3C35A0CBA9DE}.RelWithDebInfo|Win32.ActiveCfg = RelWithDebInfo|Win32
		{6D94E934-0D6D-3428-93C3-3C35A0CBA9DE}.RelWithDebInfo|Win32.Build.0 = RelWithDebInfo|Win32
	EndGlobalSection
	GlobalSection(NestedProjects) = preSolution
		{E6DE5022-C23F-3257-BC47-9C621AE419E9} = {678882C6-A079-3938-B325-85D08FD090FF}
		{DB5B6FCE-8ED1-334A-BE52-05BE4E7D943A} = {678882C6-A079-3938-B325-85D08FD090FF}
		{B77CABB5-AA87-3AE2-A1D5-734ECB1951ED} = {F8EDE43F-C9E6-3DB7-B3F2-40FA97ABE2B6}
		{B1E08D5A-A9F0-378E-8D9E-DA73F96AC360} = {F8EDE43F-C9E6-3DB7-B3F2-40FA97ABE2B6}
		{4021E8FB-97C3-3F30-A8D7-E799886AEE9E} = {F8EDE43F-C9E6-3DB7-B3F2-40FA97ABE2B6}
		{15B31086-4244-3B74-B79B-89ED85E75688} = {F8EDE43F-C9E6-3DB7-B3F2-40FA97ABE2B6}
		{398323B0-BFBC-32D2-AE91-426BA09CF2D6} = {F8EDE43F-C9E6-3DB7-B3F2-40FA97ABE2B6}
		{61115F11-24DF-393A-ACAA-D8E55D9D85E1} = {F8EDE43F-C9E6-3DB7-B3F2-40FA97ABE2B6}
		{9790DF36-1220-3E23-8A27-0BAA4E8951A5} = {F8EDE43F-C9E6-3DB7-B3F2-40FA97ABE2B6}
		{3F067928-6AC9-3C55-A287-7E3C030189F5} = {F8EDE43F-C9E6-3DB7-B3F2-40FA97ABE2B6}
		{856F2F74-FDBC-3E51-A9FB-0D91A1659002} = {F8EDE43F-C9E6-3DB7-B3F2-40FA97ABE2B6}
		{038C5F29-E916-36D5-A22A-3C254761A98A} = {F8EDE43F-C9E6-3DB7-B3F2-40FA97ABE2B6}
		{6D94E934-0D6D-3428-93C3-3C35A0CBA9DE} = {F8EDE43F-C9E6-3DB7-B3F2-40FA97ABE2B6}
		{3FBC2621-901A-3FE3-A962-3872278968BE} = {5F4B39FB-BC9E-33CE-AD4D-7072CC13D7D9}
		{D1032E63-52B0-3DBC-99BB-7EBAE97F577E} = {0EE753B7-FF29-35FE-BEA2-34E2D794DA9D}
	EndGlobalSection
	GlobalSection(ExtensibilityGlobals) = postSolution
		SolutionGuid = {6B1D94F4-331E-37FA-9F2C-26671E4FDBDB}
	EndGlobalSection
	GlobalSection(ExtensibilityAddIns) = postSolution
	EndGlobalSection
EndGlobal
