<?xml version="1.0" encoding="utf-8"?>
<Project ToolsVersion="16.0" xmlns="http://schemas.microsoft.com/developer/msbuild/2003">
  <ItemGroup>
    <ClCompile Include="D:\Program Files\Git\Omok Multi Play\Omok\Classes\AppDelegate.cpp">
      <Filter>Source Files\Classes</Filter>
    </ClCompile>
    <ClCompile Include="D:\Program Files\Git\Omok Multi Play\Omok\proj.win32\main.cpp">
      <Filter>Source Files\proj.win32</Filter>
    </ClCompile>
    <ClCompile Include="D:\Program Files\Git\Omok Multi Play\Omok\cocos2d\cocos\precheader.cpp">
      <Filter>Source Files</Filter>
    </ClCompile>
    <ClCompile Include="..\Classes\Scene\Title\Title.cpp">
      <Filter>Source Files\Classes\Scene\Title</Filter>
    </ClCompile>
    <ClCompile Include="..\Classes\Scene\Lobby\Lobby.cpp">
      <Filter>Source Files\Classes\Scene\Lobby</Filter>
    </ClCompile>
    <ClCompile Include="..\Classes\Manager\BaseMgr.cpp">
      <Filter>Source Files\Classes\Manager</Filter>
    </ClCompile>
    <ClCompile Include="..\Classes\Manager\PlayerMgr\PlayerMgr.cpp">
      <Filter>Source Files\Classes\Manager\PlayerMgr</Filter>
    </ClCompile>
    <ClCompile Include="..\Classes\Manager\SceneMgr\SceneMgr.cpp">
      <Filter>Source Files\Classes\Manager\SceneMgr</Filter>
    </ClCompile>
    <ClCompile Include="..\Classes\Manager\MassageMgr\MassageMgr.cpp">
      <Filter>Source Files\Classes\Manager\MassageMgr</Filter>
    </ClCompile>
    <ClCompile Include="..\Algorithm\Algorithm.cpp">
      <Filter>Source Files\Algorithm</Filter>
    </ClCompile>
    <ClCompile Include="..\Message\Message.cpp">
      <Filter>Source Files\Message</Filter>
    </ClCompile>
    <ClCompile Include="..\Classes\Scene\Room\Room.cpp">
      <Filter>Source Files\Classes\Scene\Room</Filter>
    </ClCompile>
    <ClCompile Include="..\Classes\Scene\Lobby\RoomSlot.cpp">
      <Filter>Source Files\Classes\Scene\Lobby</Filter>
    </ClCompile>
    <ClCompile Include="..\Classes\Scene\Title\LoginPopup.cpp">
      <Filter>Source Files\Classes\Scene\Title</Filter>
    </ClCompile>
    <ClCompile Include="..\Classes\Scene\Room\PlayerSlot.cpp">
      <Filter>Source Files\Classes\Scene\Room</Filter>
    </ClCompile>
    <ClCompile Include="..\Classes\Scene\Lobby\RoomEnterPopup.cpp">
      <Filter>Source Files\Classes\Scene\Lobby</Filter>
    </ClCompile>
    <ClCompile Include="..\Classes\Scene\Room\RoomBtn.cpp">
      <Filter>Source Files\Classes\Scene\Room</Filter>
    </ClCompile>
    <ClCompile Include="..\Classes\Scene\InGame\InGame.cpp">
      <Filter>Source Files\Classes\Scene\InGame</Filter>
    </ClCompile>
    <ClCompile Include="..\Classes\Scene\InGame\Piece.cpp">
      <Filter>Source Files\Classes\Scene\InGame</Filter>
    </ClCompile>
  </ItemGroup>
  <ItemGroup>
    <ClInclude Include="D:\Program Files\Git\Omok Multi Play\Omok\Classes\AppDelegate.h">
      <Filter>Source Files\Classes</Filter>
    </ClInclude>
    <ClInclude Include="D:\Program Files\Git\Omok Multi Play\Omok\proj.win32\main.h">
      <Filter>Source Files\proj.win32</Filter>
    </ClInclude>
    <ClInclude Include="D:\Program Files\Git\Omok Multi Play\Omok\proj.win32\resource.h">
      <Filter>Source Files\proj.win32</Filter>
    </ClInclude>
    <ClInclude Include="D:\Program Files\Git\Omok Multi Play\Omok\Resources\CloseNormal.png">
      <Filter>Resources</Filter>
    </ClInclude>
    <ClInclude Include="D:\Program Files\Git\Omok Multi Play\Omok\Resources\CloseSelected.png">
      <Filter>Resources</Filter>
    </ClInclude>
    <ClInclude Include="D:\Program Files\Git\Omok Multi Play\Omok\Resources\HelloWorld.png">
      <Filter>Resources</Filter>
    </ClInclude>
    <ClInclude Include="D:\Program Files\Git\Omok Multi Play\Omok\Resources\fonts\Marker Felt.ttf">
      <Filter>Resources\fonts</Filter>
    </ClInclude>
    <ClInclude Include="D:\Program Files\Git\Omok Multi Play\Omok\Resources\fonts\arial.ttf">
      <Filter>Resources\fonts</Filter>
    </ClInclude>
    <ClInclude Include="D:\Program Files\Git\Omok Multi Play\Omok\Resources\res\.gitkeep">
      <Filter>Resources\res</Filter>
    </ClInclude>
    <ClInclude Include="..\Classes\framework.h">
      <Filter>Source Files\Classes</Filter>
    </ClInclude>
    <ClInclude Include="..\Classes\Scene\Title\Title.h">
      <Filter>Source Files\Classes\Scene\Title</Filter>
    </ClInclude>
    <ClInclude Include="..\Classes\Scene\Lobby\Lobby.h">
      <Filter>Source Files\Classes\Scene\Lobby</Filter>
    </ClInclude>
    <ClInclude Include="..\Classes\Scene\Lobby\RoomData.h">
      <Filter>Source Files\Classes\Scene\Lobby</Filter>
    </ClInclude>
    <ClInclude Include="..\Classes\Manager\BaseMgr.h">
      <Filter>Source Files\Classes\Manager</Filter>
    </ClInclude>
    <ClInclude Include="..\Classes\Manager\PlayerMgr\PlayerMgr.h">
      <Filter>Source Files\Classes\Manager\PlayerMgr</Filter>
    </ClInclude>
    <ClInclude Include="..\Classes\Manager\SceneMgr\SceneMgr.h">
      <Filter>Source Files\Classes\Manager\SceneMgr</Filter>
    </ClInclude>
    <ClInclude Include="..\Classes\Manager\MassageMgr\MassageMgr.h">
      <Filter>Source Files\Classes\Manager\MassageMgr</Filter>
    </ClInclude>
    <ClInclude Include="..\Algorithm\Algorithm.h">
      <Filter>Source Files\Algorithm</Filter>
    </ClInclude>
    <ClInclude Include="..\Message\Message.h">
      <Filter>Source Files\Message</Filter>
    </ClInclude>
    <ClInclude Include="..\Classes\Scene\Room\Room.h">
      <Filter>Source Files\Classes\Scene\Room</Filter>
    </ClInclude>
    <ClInclude Include="..\Classes\Scene\Lobby\RoomSlot.h">
      <Filter>Source Files\Classes\Scene\Lobby</Filter>
    </ClInclude>
    <ClInclude Include="..\Classes\Scene\Title\LoginPopup.h">
      <Filter>Source Files\Classes\Scene\Title</Filter>
    </ClInclude>
    <ClInclude Include="..\Classes\Scene\Room\PlayerSlot.h">
      <Filter>Source Files\Classes\Scene\Room</Filter>
    </ClInclude>
    <ClInclude Include="..\Classes\Scene\Lobby\RoomEnterPopup.h">
      <Filter>Source Files\Classes\Scene\Lobby</Filter>
    </ClInclude>
    <ClInclude Include="..\Classes\Scene\Room\RoomBtn.h">
      <Filter>Source Files\Classes\Scene\Room</Filter>
    </ClInclude>
    <ClInclude Include="..\Classes\Scene\InGame\InGame.h">
      <Filter>Source Files\Classes\Scene\InGame</Filter>
    </ClInclude>
    <ClInclude Include="..\Classes\Scene\InGame\Piece.h">
      <Filter>Source Files\Classes\Scene\InGame</Filter>
    </ClInclude>
  </ItemGroup>
  <ItemGroup>
    <CustomBuild Include="D:\Program Files\Git\Omok Multi Play\Omok\CMakeLists.txt" />
  </ItemGroup>
  <ItemGroup>
    <ResourceCompile Include="D:\Program Files\Git\Omok Multi Play\Omok\proj.win32\game.rc">
      <Filter>Source Files\proj.win32</Filter>
    </ResourceCompile>
  </ItemGroup>
  <ItemGroup>
    <Filter Include="Resources">
      <UniqueIdentifier>{0388268A-DFB9-3F8E-AF37-33BA77D32E94}</UniqueIdentifier>
    </Filter>
    <Filter Include="Resources\fonts">
      <UniqueIdentifier>{A1CE13C3-2015-3C8A-ADDF-72160F042766}</UniqueIdentifier>
    </Filter>
    <Filter Include="Resources\res">
      <UniqueIdentifier>{4979EC28-D89E-3FA7-B7E1-984357405845}</UniqueIdentifier>
    </Filter>
    <Filter Include="Source Files">
      <UniqueIdentifier>{18D7C211-E541-30D1-9C16-C3E0ABA18945}</UniqueIdentifier>
    </Filter>
    <Filter Include="Source Files\Classes">
      <UniqueIdentifier>{A33C2D09-2566-3034-B6D3-86E20BC4A6B5}</UniqueIdentifier>
    </Filter>
    <Filter Include="Source Files\proj.win32">
      <UniqueIdentifier>{6FECBA23-33BC-320A-B783-EA9EC307A4CC}</UniqueIdentifier>
    </Filter>
    <Filter Include="Source Files\Classes\Manager">
      <UniqueIdentifier>{7e5d538e-8230-48ca-a5d0-550b9c4d4f54}</UniqueIdentifier>
    </Filter>
    <Filter Include="Source Files\Classes\Scene">
      <UniqueIdentifier>{63bc9e02-4420-420a-8e91-2e3771351c2a}</UniqueIdentifier>
    </Filter>
    <Filter Include="Source Files\Classes\Scene\Lobby">
      <UniqueIdentifier>{4a68c512-80fc-4123-a28b-23129b9ffc92}</UniqueIdentifier>
    </Filter>
    <Filter Include="Source Files\Classes\Scene\Title">
      <UniqueIdentifier>{eb31b8fb-b07c-45ea-ad5c-40217ddc7b73}</UniqueIdentifier>
    </Filter>
    <Filter Include="Source Files\Classes\Manager\MassageMgr">
      <UniqueIdentifier>{0465b7ed-8838-45c4-a308-8f0437c8fd37}</UniqueIdentifier>
    </Filter>
    <Filter Include="Source Files\Classes\Manager\PlayerMgr">
      <UniqueIdentifier>{9d303a21-88bf-4d32-a85c-0356024cc7fd}</UniqueIdentifier>
    </Filter>
    <Filter Include="Source Files\Classes\Manager\SceneMgr">
      <UniqueIdentifier>{1bdce62d-4f05-4139-9296-cafebefdf616}</UniqueIdentifier>
    </Filter>
    <Filter Include="Source Files\Algorithm">
      <UniqueIdentifier>{11a954c8-9abe-4300-9040-e24aeaf378fc}</UniqueIdentifier>
    </Filter>
    <Filter Include="Source Files\Message">
      <UniqueIdentifier>{121830a2-a242-4ef8-a66f-f1fb16f8e33d}</UniqueIdentifier>
    </Filter>
    <Filter Include="Source Files\Classes\Scene\Room">
      <UniqueIdentifier>{e9cca6aa-de8b-4a09-9a9d-99a883178396}</UniqueIdentifier>
    </Filter>
    <Filter Include="Source Files\Classes\Scene\InGame">
      <UniqueIdentifier>{df0bbce6-ed52-4055-b226-c2233f5cd55a}</UniqueIdentifier>
    </Filter>
  </ItemGroup>
  <ItemGroup>
    <Image Include="..\Resources\res\LobbyBack.png">
      <Filter>Resources\res</Filter>
    </Image>
    <Image Include="..\Resources\res\LobbyRoomMake_Normal.png">
      <Filter>Resources\res</Filter>
    </Image>
    <Image Include="..\Resources\res\LobbyRoomMake_Selected.png">
      <Filter>Resources\res</Filter>
    </Image>
    <Image Include="..\Resources\res\OK_Normal.png">
      <Filter>Resources\res</Filter>
    </Image>
    <Image Include="..\Resources\res\OK_Selected.png">
      <Filter>Resources\res</Filter>
    </Image>
    <Image Include="..\Resources\res\Refresh_Normal.png">
      <Filter>Resources\res</Filter>
    </Image>
    <Image Include="..\Resources\res\Refresh_Selected.png">
      <Filter>Resources\res</Filter>
    </Image>
    <Image Include="..\Resources\res\RoomSlot.png">
      <Filter>Resources\res</Filter>
    </Image>
    <Image Include="..\Resources\res\NotLogin.png">
      <Filter>Resources\res</Filter>
    </Image>
    <Image Include="..\Resources\res\Null.png">
      <Filter>Resources\res</Filter>
    </Image>
    <Image Include="..\Resources\res\GameRoomBack.png">
      <Filter>Resources\res</Filter>
    </Image>
    <Image Include="..\Resources\res\GameRoomExit_Normal.png">
      <Filter>Resources\res</Filter>
    </Image>
    <Image Include="..\Resources\res\GameRoomExit_Selected.png">
      <Filter>Resources\res</Filter>
    </Image>
    <Image Include="..\Resources\res\NotRoomEnter.png">
      <Filter>Resources\res</Filter>
    </Image>
    <Image Include="..\Resources\res\GameRoomReady_Normal.png">
      <Filter>Resources\res</Filter>
    </Image>
    <Image Include="..\Resources\res\GameRoomReady_Selected.png">
      <Filter>Resources\res</Filter>
    </Image>
    <Image Include="..\Resources\res\GameRoomReadyOK_Normal.png">
      <Filter>Resources\res</Filter>
    </Image>
    <Image Include="..\Resources\res\GameRoomReadyOK_Selected.png">
      <Filter>Resources\res</Filter>
    </Image>
    <Image Include="..\Resources\res\GameRoomStart_Normal.png">
      <Filter>Resources\res</Filter>
    </Image>
    <Image Include="..\Resources\res\GameRoomStart_Selected.png">
      <Filter>Resources\res</Filter>
    </Image>
    <Image Include="..\Resources\res\GameBoard.png">
      <Filter>Resources\res</Filter>
    </Image>
  </ItemGroup>
  <ItemGroup>
    <Font Include="..\Resources\fonts\GodoM.ttf">
      <Filter>Resources\fonts</Filter>
    </Font>
  </ItemGroup>
</Project>