
Microsoft Visual Studio Solution File, Format Version 12.00
# Visual Studio Version 16
Project("{2150E333-8FDC-42A3-9474-1A3956D46DE8}") = "CMakePredefinedTargets", "CMakePredefinedTargets", "{C8362CA4-C64F-392C-8C57-A6B1D1406B7E}"
EndProject
Project("{2150E333-8FDC-42A3-9474-1A3956D46DE8}") = "External", "External", "{8499C6C6-20AC-392A-BB1E-50C695669378}"
EndProject
Project("{2150E333-8FDC-42A3-9474-1A3956D46DE8}") = "Internal", "Internal", "{E9374D7D-9B43-344D-9455-F90B4B96BEBC}"
EndProject
Project("{2150E333-8FDC-42A3-9474-1A3956D46DE8}") = "Utils", "Utils", "{245DAB4A-DEA7-30F0-A4F3-F568D70A119B}"
EndProject
Project("{8BC9CEB8-8B4A-11D0-8D11-00A0C91BC942}") = "ALL_BUILD", "ALL_BUILD.vcxproj", "{FAAD194C-9231-33F2-A1E4-0BEE62BA4ACD}"
	ProjectSection(ProjectDependencies) = postProject
		{DF87E630-36EE-33D4-A0BD-20A02E8EF616} = {DF87E630-36EE-33D4-A0BD-20A02E8EF616}
		{F3126D14-EC00-360D-850D-726DA26F6960} = {F3126D14-EC00-360D-850D-726DA26F6960}
		{F844C76D-2E42-3BB2-A9FB-004869E51377} = {F844C76D-2E42-3BB2-A9FB-004869E51377}
		{36A0ED9A-BB56-36A4-8336-62B65587130C} = {36A0ED9A-BB56-36A4-8336-62B65587130C}
		{7B0344F9-6081-3C9F-BBCA-8672C6606308} = {7B0344F9-6081-3C9F-BBCA-8672C6606308}
		{247102BE-55F2-310A-9C17-DC9EB90CF52E} = {247102BE-55F2-310A-9C17-DC9EB90CF52E}
		{DF41CA59-FBBB-30E0-B65B-8865E8870F58} = {DF41CA59-FBBB-30E0-B65B-8865E8870F58}
		{8BA836BE-5E81-36D0-93B2-7C24019BA9DB} = {8BA836BE-5E81-36D0-93B2-7C24019BA9DB}
		{B9EC883F-04BC-35E4-A13B-CA957F29BA8D} = {B9EC883F-04BC-35E4-A13B-CA957F29BA8D}
		{73AD5C0F-F7A4-3B92-8D22-B7C1104AECD1} = {73AD5C0F-F7A4-3B92-8D22-B7C1104AECD1}
		{EFD3F370-60DA-3D4B-B674-49097B5575B9} = {EFD3F370-60DA-3D4B-B674-49097B5575B9}
		{57A3B2FE-B424-3168-AC9E-7760749DEE4A} = {57A3B2FE-B424-3168-AC9E-7760749DEE4A}
		{057F218A-ED48-35E2-95AC-7FA2F4D7032F} = {057F218A-ED48-35E2-95AC-7FA2F4D7032F}
		{FCD3B428-D150-37F9-8D6B-DC9B1C1A561A} = {FCD3B428-D150-37F9-8D6B-DC9B1C1A561A}
		{A82F23B8-3F19-3108-8858-E80580938AAC} = {A82F23B8-3F19-3108-8858-E80580938AAC}
	EndProjectSection
EndProject
Project("{8BC9CEB8-8B4A-11D0-8D11-00A0C91BC942}") = "OmokGame", "OmokGame.vcxproj", "{DF87E630-36EE-33D4-A0BD-20A02E8EF616}"
	ProjectSection(ProjectDependencies) = postProject
		{F3126D14-EC00-360D-850D-726DA26F6960} = {F3126D14-EC00-360D-850D-726DA26F6960}
		{F844C76D-2E42-3BB2-A9FB-004869E51377} = {F844C76D-2E42-3BB2-A9FB-004869E51377}
		{36A0ED9A-BB56-36A4-8336-62B65587130C} = {36A0ED9A-BB56-36A4-8336-62B65587130C}
		{7B0344F9-6081-3C9F-BBCA-8672C6606308} = {7B0344F9-6081-3C9F-BBCA-8672C6606308}
		{247102BE-55F2-310A-9C17-DC9EB90CF52E} = {247102BE-55F2-310A-9C17-DC9EB90CF52E}
		{DF41CA59-FBBB-30E0-B65B-8865E8870F58} = {DF41CA59-FBBB-30E0-B65B-8865E8870F58}
		{8BA836BE-5E81-36D0-93B2-7C24019BA9DB} = {8BA836BE-5E81-36D0-93B2-7C24019BA9DB}
		{B9EC883F-04BC-35E4-A13B-CA957F29BA8D} = {B9EC883F-04BC-35E4-A13B-CA957F29BA8D}
		{73AD5C0F-F7A4-3B92-8D22-B7C1104AECD1} = {73AD5C0F-F7A4-3B92-8D22-B7C1104AECD1}
		{EFD3F370-60DA-3D4B-B674-49097B5575B9} = {EFD3F370-60DA-3D4B-B674-49097B5575B9}
		{57A3B2FE-B424-3168-AC9E-7760749DEE4A} = {57A3B2FE-B424-3168-AC9E-7760749DEE4A}
		{057F218A-ED48-35E2-95AC-7FA2F4D7032F} = {057F218A-ED48-35E2-95AC-7FA2F4D7032F}
		{FCD3B428-D150-37F9-8D6B-DC9B1C1A561A} = {FCD3B428-D150-37F9-8D6B-DC9B1C1A561A}
		{A82F23B8-3F19-3108-8858-E80580938AAC} = {A82F23B8-3F19-3108-8858-E80580938AAC}
	EndProjectSection
EndProject
Project("{8BC9CEB8-8B4A-11D0-8D11-00A0C91BC942}") = "SYNC_RESOURCE-OmokGame", "SYNC_RESOURCE-OmokGame.vcxproj", "{F3126D14-EC00-360D-850D-726DA26F6960}"
	ProjectSection(ProjectDependencies) = postProject
		{F844C76D-2E42-3BB2-A9FB-004869E51377} = {F844C76D-2E42-3BB2-A9FB-004869E51377}
	EndProjectSection
EndProject
Project("{8BC9CEB8-8B4A-11D0-8D11-00A0C91BC942}") = "ZERO_CHECK", "ZERO_CHECK.vcxproj", "{F844C76D-2E42-3BB2-A9FB-004869E51377}"
	ProjectSection(ProjectDependencies) = postProject
	EndProjectSection
EndProject
Project("{8BC9CEB8-8B4A-11D0-8D11-00A0C91BC942}") = "cocos2d", "engine\cocos\core\cocos2d.vcxproj", "{36A0ED9A-BB56-36A4-8336-62B65587130C}"
	ProjectSection(ProjectDependencies) = postProject
		{F844C76D-2E42-3BB2-A9FB-004869E51377} = {F844C76D-2E42-3BB2-A9FB-004869E51377}
		{7B0344F9-6081-3C9F-BBCA-8672C6606308} = {7B0344F9-6081-3C9F-BBCA-8672C6606308}
		{247102BE-55F2-310A-9C17-DC9EB90CF52E} = {247102BE-55F2-310A-9C17-DC9EB90CF52E}
		{DF41CA59-FBBB-30E0-B65B-8865E8870F58} = {DF41CA59-FBBB-30E0-B65B-8865E8870F58}
		{8BA836BE-5E81-36D0-93B2-7C24019BA9DB} = {8BA836BE-5E81-36D0-93B2-7C24019BA9DB}
		{B9EC883F-04BC-35E4-A13B-CA957F29BA8D} = {B9EC883F-04BC-35E4-A13B-CA957F29BA8D}
		{73AD5C0F-F7A4-3B92-8D22-B7C1104AECD1} = {73AD5C0F-F7A4-3B92-8D22-B7C1104AECD1}
		{EFD3F370-60DA-3D4B-B674-49097B5575B9} = {EFD3F370-60DA-3D4B-B674-49097B5575B9}
		{57A3B2FE-B424-3168-AC9E-7760749DEE4A} = {57A3B2FE-B424-3168-AC9E-7760749DEE4A}
		{057F218A-ED48-35E2-95AC-7FA2F4D7032F} = {057F218A-ED48-35E2-95AC-7FA2F4D7032F}
		{FCD3B428-D150-37F9-8D6B-DC9B1C1A561A} = {FCD3B428-D150-37F9-8D6B-DC9B1C1A561A}
		{A82F23B8-3F19-3108-8858-E80580938AAC} = {A82F23B8-3F19-3108-8858-E80580938AAC}
	EndProjectSection
EndProject
Project("{8BC9CEB8-8B4A-11D0-8D11-00A0C91BC942}") = "ext_clipper", "engine\external\clipper\ext_clipper.vcxproj", "{7B0344F9-6081-3C9F-BBCA-8672C6606308}"
	ProjectSection(ProjectDependencies) = postProject
		{F844C76D-2E42-3BB2-A9FB-004869E51377} = {F844C76D-2E42-3BB2-A9FB-004869E51377}
	EndProjectSection
EndProject
Project("{8BC9CEB8-8B4A-11D0-8D11-00A0C91BC942}") = "ext_convertUTF", "engine\external\ConvertUTF\ext_convertUTF.vcxproj", "{247102BE-55F2-310A-9C17-DC9EB90CF52E}"
	ProjectSection(ProjectDependencies) = postProject
		{F844C76D-2E42-3BB2-A9FB-004869E51377} = {F844C76D-2E42-3BB2-A9FB-004869E51377}
	EndProjectSection
EndProject
Project("{8BC9CEB8-8B4A-11D0-8D11-00A0C91BC942}") = "ext_edtaa3func", "engine\external\edtaa3func\ext_edtaa3func.vcxproj", "{DF41CA59-FBBB-30E0-B65B-8865E8870F58}"
	ProjectSection(ProjectDependencies) = postProject
		{F844C76D-2E42-3BB2-A9FB-004869E51377} = {F844C76D-2E42-3BB2-A9FB-004869E51377}
	EndProjectSection
EndProject
Project("{8BC9CEB8-8B4A-11D0-8D11-00A0C91BC942}") = "ext_md5", "engine\external\md5\ext_md5.vcxproj", "{8BA836BE-5E81-36D0-93B2-7C24019BA9DB}"
	ProjectSection(ProjectDependencies) = postProject
		{F844C76D-2E42-3BB2-A9FB-004869E51377} = {F844C76D-2E42-3BB2-A9FB-004869E51377}
	EndProjectSection
EndProject
Project("{8BC9CEB8-8B4A-11D0-8D11-00A0C91BC942}") = "ext_poly2tri", "engine\external\poly2tri\ext_poly2tri.vcxproj", "{B9EC883F-04BC-35E4-A13B-CA957F29BA8D}"
	ProjectSection(ProjectDependencies) = postProject
		{F844C76D-2E42-3BB2-A9FB-004869E51377} = {F844C76D-2E42-3BB2-A9FB-004869E51377}
	EndProjectSection
EndProject
Project("{8BC9CEB8-8B4A-11D0-8D11-00A0C91BC942}") = "ext_recast", "engine\external\recast\ext_recast.vcxproj", "{73AD5C0F-F7A4-3B92-8D22-B7C1104AECD1}"
	ProjectSection(ProjectDependencies) = postProject
		{F844C76D-2E42-3BB2-A9FB-004869E51377} = {F844C76D-2E42-3BB2-A9FB-004869E51377}
	EndProjectSection
EndProject
Project("{8BC9CEB8-8B4A-11D0-8D11-00A0C91BC942}") = "ext_tinyxml2", "engine\external\tinyxml2\ext_tinyxml2.vcxproj", "{EFD3F370-60DA-3D4B-B674-49097B5575B9}"
	ProjectSection(ProjectDependencies) = postProject
		{F844C76D-2E42-3BB2-A9FB-004869E51377} = {F844C76D-2E42-3BB2-A9FB-004869E51377}
	EndProjectSection
EndProject
Project("{8BC9CEB8-8B4A-11D0-8D11-00A0C91BC942}") = "ext_unzip", "engine\external\unzip\ext_unzip.vcxproj", "{57A3B2FE-B424-3168-AC9E-7760749DEE4A}"
	ProjectSection(ProjectDependencies) = postProject
		{F844C76D-2E42-3BB2-A9FB-004869E51377} = {F844C76D-2E42-3BB2-A9FB-004869E51377}
	EndProjectSection
EndProject
Project("{8BC9CEB8-8B4A-11D0-8D11-00A0C91BC942}") = "ext_xxhash", "engine\external\xxhash\ext_xxhash.vcxproj", "{057F218A-ED48-35E2-95AC-7FA2F4D7032F}"
	ProjectSection(ProjectDependencies) = postProject
		{F844C76D-2E42-3BB2-A9FB-004869E51377} = {F844C76D-2E42-3BB2-A9FB-004869E51377}
	EndProjectSection
EndProject
Project("{8BC9CEB8-8B4A-11D0-8D11-00A0C91BC942}") = "ext_xxtea", "engine\external\xxtea\ext_xxtea.vcxproj", "{FCD3B428-D150-37F9-8D6B-DC9B1C1A561A}"
	ProjectSection(ProjectDependencies) = postProject
		{F844C76D-2E42-3BB2-A9FB-004869E51377} = {F844C76D-2E42-3BB2-A9FB-004869E51377}
	EndProjectSection
EndProject
Project("{8BC9CEB8-8B4A-11D0-8D11-00A0C91BC942}") = "external", "engine\external\external.vcxproj", "{A82F23B8-3F19-3108-8858-E80580938AAC}"
	ProjectSection(ProjectDependencies) = postProject
		{F844C76D-2E42-3BB2-A9FB-004869E51377} = {F844C76D-2E42-3BB2-A9FB-004869E51377}
		{7B0344F9-6081-3C9F-BBCA-8672C6606308} = {7B0344F9-6081-3C9F-BBCA-8672C6606308}
		{247102BE-55F2-310A-9C17-DC9EB90CF52E} = {247102BE-55F2-310A-9C17-DC9EB90CF52E}
		{DF41CA59-FBBB-30E0-B65B-8865E8870F58} = {DF41CA59-FBBB-30E0-B65B-8865E8870F58}
		{8BA836BE-5E81-36D0-93B2-7C24019BA9DB} = {8BA836BE-5E81-36D0-93B2-7C24019BA9DB}
		{B9EC883F-04BC-35E4-A13B-CA957F29BA8D} = {B9EC883F-04BC-35E4-A13B-CA957F29BA8D}
		{73AD5C0F-F7A4-3B92-8D22-B7C1104AECD1} = {73AD5C0F-F7A4-3B92-8D22-B7C1104AECD1}
		{EFD3F370-60DA-3D4B-B674-49097B5575B9} = {EFD3F370-60DA-3D4B-B674-49097B5575B9}
		{57A3B2FE-B424-3168-AC9E-7760749DEE4A} = {57A3B2FE-B424-3168-AC9E-7760749DEE4A}
		{057F218A-ED48-35E2-95AC-7FA2F4D7032F} = {057F218A-ED48-35E2-95AC-7FA2F4D7032F}
		{FCD3B428-D150-37F9-8D6B-DC9B1C1A561A} = {FCD3B428-D150-37F9-8D6B-DC9B1C1A561A}
	EndProjectSection
EndProject
Global
	GlobalSection(SolutionConfigurationPlatforms) = preSolution
		Debug|Win32 = Debug|Win32
		Release|Win32 = Release|Win32
		MinSizeRel|Win32 = MinSizeRel|Win32
		RelWithDebInfo|Win32 = RelWithDebInfo|Win32
	EndGlobalSection
	GlobalSection(ProjectConfigurationPlatforms) = postSolution
		{FAAD194C-9231-33F2-A1E4-0BEE62BA4ACD}.Debug|Win32.ActiveCfg = Debug|Win32
		{FAAD194C-9231-33F2-A1E4-0BEE62BA4ACD}.Release|Win32.ActiveCfg = Release|Win32
		{FAAD194C-9231-33F2-A1E4-0BEE62BA4ACD}.MinSizeRel|Win32.ActiveCfg = MinSizeRel|Win32
		{FAAD194C-9231-33F2-A1E4-0BEE62BA4ACD}.RelWithDebInfo|Win32.ActiveCfg = RelWithDebInfo|Win32
		{DF87E630-36EE-33D4-A0BD-20A02E8EF616}.Debug|Win32.ActiveCfg = Debug|Win32
		{DF87E630-36EE-33D4-A0BD-20A02E8EF616}.Debug|Win32.Build.0 = Debug|Win32
		{DF87E630-36EE-33D4-A0BD-20A02E8EF616}.Release|Win32.ActiveCfg = Release|Win32
		{DF87E630-36EE-33D4-A0BD-20A02E8EF616}.Release|Win32.Build.0 = Release|Win32
		{DF87E630-36EE-33D4-A0BD-20A02E8EF616}.MinSizeRel|Win32.ActiveCfg = MinSizeRel|Win32
		{DF87E630-36EE-33D4-A0BD-20A02E8EF616}.MinSizeRel|Win32.Build.0 = MinSizeRel|Win32
		{DF87E630-36EE-33D4-A0BD-20A02E8EF616}.RelWithDebInfo|Win32.ActiveCfg = RelWithDebInfo|Win32
		{DF87E630-36EE-33D4-A0BD-20A02E8EF616}.RelWithDebInfo|Win32.Build.0 = RelWithDebInfo|Win32
		{F3126D14-EC00-360D-850D-726DA26F6960}.Debug|Win32.ActiveCfg = Debug|Win32
		{F3126D14-EC00-360D-850D-726DA26F6960}.Debug|Win32.Build.0 = Debug|Win32
		{F3126D14-EC00-360D-850D-726DA26F6960}.Release|Win32.ActiveCfg = Release|Win32
		{F3126D14-EC00-360D-850D-726DA26F6960}.Release|Win32.Build.0 = Release|Win32
		{F3126D14-EC00-360D-850D-726DA26F6960}.MinSizeRel|Win32.ActiveCfg = MinSizeRel|Win32
		{F3126D14-EC00-360D-850D-726DA26F6960}.MinSizeRel|Win32.Build.0 = MinSizeRel|Win32
		{F3126D14-EC00-360D-850D-726DA26F6960}.RelWithDebInfo|Win32.ActiveCfg = RelWithDebInfo|Win32
		{F3126D14-EC00-360D-850D-726DA26F6960}.RelWithDebInfo|Win32.Build.0 = RelWithDebInfo|Win32
		{F844C76D-2E42-3BB2-A9FB-004869E51377}.Debug|Win32.ActiveCfg = Debug|Win32
		{F844C76D-2E42-3BB2-A9FB-004869E51377}.Debug|Win32.Build.0 = Debug|Win32
		{F844C76D-2E42-3BB2-A9FB-004869E51377}.Release|Win32.ActiveCfg = Release|Win32
		{F844C76D-2E42-3BB2-A9FB-004869E51377}.Release|Win32.Build.0 = Release|Win32
		{F844C76D-2E42-3BB2-A9FB-004869E51377}.MinSizeRel|Win32.ActiveCfg = MinSizeRel|Win32
		{F844C76D-2E42-3BB2-A9FB-004869E51377}.MinSizeRel|Win32.Build.0 = MinSizeRel|Win32
		{F844C76D-2E42-3BB2-A9FB-004869E51377}.RelWithDebInfo|Win32.ActiveCfg = RelWithDebInfo|Win32
		{F844C76D-2E42-3BB2-A9FB-004869E51377}.RelWithDebInfo|Win32.Build.0 = RelWithDebInfo|Win32
		{36A0ED9A-BB56-36A4-8336-62B65587130C}.Debug|Win32.ActiveCfg = Debug|Win32
		{36A0ED9A-BB56-36A4-8336-62B65587130C}.Debug|Win32.Build.0 = Debug|Win32
		{36A0ED9A-BB56-36A4-8336-62B65587130C}.Release|Win32.ActiveCfg = Release|Win32
		{36A0ED9A-BB56-36A4-8336-62B65587130C}.Release|Win32.Build.0 = Release|Win32
		{36A0ED9A-BB56-36A4-8336-62B65587130C}.MinSizeRel|Win32.ActiveCfg = MinSizeRel|Win32
		{36A0ED9A-BB56-36A4-8336-62B65587130C}.MinSizeRel|Win32.Build.0 = MinSizeRel|Win32
		{36A0ED9A-BB56-36A4-8336-62B65587130C}.RelWithDebInfo|Win32.ActiveCfg = RelWithDebInfo|Win32
		{36A0ED9A-BB56-36A4-8336-62B65587130C}.RelWithDebInfo|Win32.Build.0 = RelWithDebInfo|Win32
		{7B0344F9-6081-3C9F-BBCA-8672C6606308}.Debug|Win32.ActiveCfg = Debug|Win32
		{7B0344F9-6081-3C9F-BBCA-8672C6606308}.Debug|Win32.Build.0 = Debug|Win32
		{7B0344F9-6081-3C9F-BBCA-8672C6606308}.Release|Win32.ActiveCfg = Release|Win32
		{7B0344F9-6081-3C9F-BBCA-8672C6606308}.Release|Win32.Build.0 = Release|Win32
		{7B0344F9-6081-3C9F-BBCA-8672C6606308}.MinSizeRel|Win32.ActiveCfg = MinSizeRel|Win32
		{7B0344F9-6081-3C9F-BBCA-8672C6606308}.MinSizeRel|Win32.Build.0 = MinSizeRel|Win32
		{7B0344F9-6081-3C9F-BBCA-8672C6606308}.RelWithDebInfo|Win32.ActiveCfg = RelWithDebInfo|Win32
		{7B0344F9-6081-3C9F-BBCA-8672C6606308}.RelWithDebInfo|Win32.Build.0 = RelWithDebInfo|Win32
		{247102BE-55F2-310A-9C17-DC9EB90CF52E}.Debug|Win32.ActiveCfg = Debug|Win32
		{247102BE-55F2-310A-9C17-DC9EB90CF52E}.Debug|Win32.Build.0 = Debug|Win32
		{247102BE-55F2-310A-9C17-DC9EB90CF52E}.Release|Win32.ActiveCfg = Release|Win32
		{247102BE-55F2-310A-9C17-DC9EB90CF52E}.Release|Win32.Build.0 = Release|Win32
		{247102BE-55F2-310A-9C17-DC9EB90CF52E}.MinSizeRel|Win32.ActiveCfg = MinSizeRel|Win32
		{247102BE-55F2-310A-9C17-DC9EB90CF52E}.MinSizeRel|Win32.Build.0 = MinSizeRel|Win32
		{247102BE-55F2-310A-9C17-DC9EB90CF52E}.RelWithDebInfo|Win32.ActiveCfg = RelWithDebInfo|Win32
		{247102BE-55F2-310A-9C17-DC9EB90CF52E}.RelWithDebInfo|Win32.Build.0 = RelWithDebInfo|Win32
		{DF41CA59-FBBB-30E0-B65B-8865E8870F58}.Debug|Win32.ActiveCfg = Debug|Win32
		{DF41CA59-FBBB-30E0-B65B-8865E8870F58}.Debug|Win32.Build.0 = Debug|Win32
		{DF41CA59-FBBB-30E0-B65B-8865E8870F58}.Release|Win32.ActiveCfg = Release|Win32
		{DF41CA59-FBBB-30E0-B65B-8865E8870F58}.Release|Win32.Build.0 = Release|Win32
		{DF41CA59-FBBB-30E0-B65B-8865E8870F58}.MinSizeRel|Win32.ActiveCfg = MinSizeRel|Win32
		{DF41CA59-FBBB-30E0-B65B-8865E8870F58}.MinSizeRel|Win32.Build.0 = MinSizeRel|Win32
		{DF41CA59-FBBB-30E0-B65B-8865E8870F58}.RelWithDebInfo|Win32.ActiveCfg = RelWithDebInfo|Win32
		{DF41CA59-FBBB-30E0-B65B-8865E8870F58}.RelWithDebInfo|Win32.Build.0 = RelWithDebInfo|Win32
		{8BA836BE-5E81-36D0-93B2-7C24019BA9DB}.Debug|Win32.ActiveCfg = Debug|Win32
		{8BA836BE-5E81-36D0-93B2-7C24019BA9DB}.Debug|Win32.Build.0 = Debug|Win32
		{8BA836BE-5E81-36D0-93B2-7C24019BA9DB}.Release|Win32.ActiveCfg = Release|Win32
		{8BA836BE-5E81-36D0-93B2-7C24019BA9DB}.Release|Win32.Build.0 = Release|Win32
		{8BA836BE-5E81-36D0-93B2-7C24019BA9DB}.MinSizeRel|Win32.ActiveCfg = MinSizeRel|Win32
		{8BA836BE-5E81-36D0-93B2-7C24019BA9DB}.MinSizeRel|Win32.Build.0 = MinSizeRel|Win32
		{8BA836BE-5E81-36D0-93B2-7C24019BA9DB}.RelWithDebInfo|Win32.ActiveCfg = RelWithDebInfo|Win32
		{8BA836BE-5E81-36D0-93B2-7C24019BA9DB}.RelWithDebInfo|Win32.Build.0 = RelWithDebInfo|Win32
		{B9EC883F-04BC-35E4-A13B-CA957F29BA8D}.Debug|Win32.ActiveCfg = Debug|Win32
		{B9EC883F-04BC-35E4-A13B-CA957F29BA8D}.Debug|Win32.Build.0 = Debug|Win32
		{B9EC883F-04BC-35E4-A13B-CA957F29BA8D}.Release|Win32.ActiveCfg = Release|Win32
		{B9EC883F-04BC-35E4-A13B-CA957F29BA8D}.Release|Win32.Build.0 = Release|Win32
		{B9EC883F-04BC-35E4-A13B-CA957F29BA8D}.MinSizeRel|Win32.ActiveCfg = MinSizeRel|Win32
		{B9EC883F-04BC-35E4-A13B-CA957F29BA8D}.MinSizeRel|Win32.Build.0 = MinSizeRel|Win32
		{B9EC883F-04BC-35E4-A13B-CA957F29BA8D}.RelWithDebInfo|Win32.ActiveCfg = RelWithDebInfo|Win32
		{B9EC883F-04BC-35E4-A13B-CA957F29BA8D}.RelWithDebInfo|Win32.Build.0 = RelWithDebInfo|Win32
		{73AD5C0F-F7A4-3B92-8D22-B7C1104AECD1}.Debug|Win32.ActiveCfg = Debug|Win32
		{73AD5C0F-F7A4-3B92-8D22-B7C1104AECD1}.Debug|Win32.Build.0 = Debug|Win32
		{73AD5C0F-F7A4-3B92-8D22-B7C1104AECD1}.Release|Win32.ActiveCfg = Release|Win32
		{73AD5C0F-F7A4-3B92-8D22-B7C1104AECD1}.Release|Win32.Build.0 = Release|Win32
		{73AD5C0F-F7A4-3B92-8D22-B7C1104AECD1}.MinSizeRel|Win32.ActiveCfg = MinSizeRel|Win32
		{73AD5C0F-F7A4-3B92-8D22-B7C1104AECD1}.MinSizeRel|Win32.Build.0 = MinSizeRel|Win32
		{73AD5C0F-F7A4-3B92-8D22-B7C1104AECD1}.RelWithDebInfo|Win32.ActiveCfg = RelWithDebInfo|Win32
		{73AD5C0F-F7A4-3B92-8D22-B7C1104AECD1}.RelWithDebInfo|Win32.Build.0 = RelWithDebInfo|Win32
		{EFD3F370-60DA-3D4B-B674-49097B5575B9}.Debug|Win32.ActiveCfg = Debug|Win32
		{EFD3F370-60DA-3D4B-B674-49097B5575B9}.Debug|Win32.Build.0 = Debug|Win32
		{EFD3F370-60DA-3D4B-B674-49097B5575B9}.Release|Win32.ActiveCfg = Release|Win32
		{EFD3F370-60DA-3D4B-B674-49097B5575B9}.Release|Win32.Build.0 = Release|Win32
		{EFD3F370-60DA-3D4B-B674-49097B5575B9}.MinSizeRel|Win32.ActiveCfg = MinSizeRel|Win32
		{EFD3F370-60DA-3D4B-B674-49097B5575B9}.MinSizeRel|Win32.Build.0 = MinSizeRel|Win32
		{EFD3F370-60DA-3D4B-B674-49097B5575B9}.RelWithDebInfo|Win32.ActiveCfg = RelWithDebInfo|Win32
		{EFD3F370-60DA-3D4B-B674-49097B5575B9}.RelWithDebInfo|Win32.Build.0 = RelWithDebInfo|Win32
		{57A3B2FE-B424-3168-AC9E-7760749DEE4A}.Debug|Win32.ActiveCfg = Debug|Win32
		{57A3B2FE-B424-3168-AC9E-7760749DEE4A}.Debug|Win32.Build.0 = Debug|Win32
		{57A3B2FE-B424-3168-AC9E-7760749DEE4A}.Release|Win32.ActiveCfg = Release|Win32
		{57A3B2FE-B424-3168-AC9E-7760749DEE4A}.Release|Win32.Build.0 = Release|Win32
		{57A3B2FE-B424-3168-AC9E-7760749DEE4A}.MinSizeRel|Win32.ActiveCfg = MinSizeRel|Win32
		{57A3B2FE-B424-3168-AC9E-7760749DEE4A}.MinSizeRel|Win32.Build.0 = MinSizeRel|Win32
		{57A3B2FE-B424-3168-AC9E-7760749DEE4A}.RelWithDebInfo|Win32.ActiveCfg = RelWithDebInfo|Win32
		{57A3B2FE-B424-3168-AC9E-7760749DEE4A}.RelWithDebInfo|Win32.Build.0 = RelWithDebInfo|Win32
		{057F218A-ED48-35E2-95AC-7FA2F4D7032F}.Debug|Win32.ActiveCfg = Debug|Win32
		{057F218A-ED48-35E2-95AC-7FA2F4D7032F}.Debug|Win32.Build.0 = Debug|Win32
		{057F218A-ED48-35E2-95AC-7FA2F4D7032F}.Release|Win32.ActiveCfg = Release|Win32
		{057F218A-ED48-35E2-95AC-7FA2F4D7032F}.Release|Win32.Build.0 = Release|Win32
		{057F218A-ED48-35E2-95AC-7FA2F4D7032F}.MinSizeRel|Win32.ActiveCfg = MinSizeRel|Win32
		{057F218A-ED48-35E2-95AC-7FA2F4D7032F}.MinSizeRel|Win32.Build.0 = MinSizeRel|Win32
		{057F218A-ED48-35E2-95AC-7FA2F4D7032F}.RelWithDebInfo|Win32.ActiveCfg = RelWithDebInfo|Win32
		{057F218A-ED48-35E2-95AC-7FA2F4D7032F}.RelWithDebInfo|Win32.Build.0 = RelWithDebInfo|Win32
		{FCD3B428-D150-37F9-8D6B-DC9B1C1A561A}.Debug|Win32.ActiveCfg = Debug|Win32
		{FCD3B428-D150-37F9-8D6B-DC9B1C1A561A}.Debug|Win32.Build.0 = Debug|Win32
		{FCD3B428-D150-37F9-8D6B-DC9B1C1A561A}.Release|Win32.ActiveCfg = Release|Win32
		{FCD3B428-D150-37F9-8D6B-DC9B1C1A561A}.Release|Win32.Build.0 = Release|Win32
		{FCD3B428-D150-37F9-8D6B-DC9B1C1A561A}.MinSizeRel|Win32.ActiveCfg = MinSizeRel|Win32
		{FCD3B428-D150-37F9-8D6B-DC9B1C1A561A}.MinSizeRel|Win32.Build.0 = MinSizeRel|Win32
		{FCD3B428-D150-37F9-8D6B-DC9B1C1A561A}.RelWithDebInfo|Win32.ActiveCfg = RelWithDebInfo|Win32
		{FCD3B428-D150-37F9-8D6B-DC9B1C1A561A}.RelWithDebInfo|Win32.Build.0 = RelWithDebInfo|Win32
		{A82F23B8-3F19-3108-8858-E80580938AAC}.Debug|Win32.ActiveCfg = Debug|Win32
		{A82F23B8-3F19-3108-8858-E80580938AAC}.Debug|Win32.Build.0 = Debug|Win32
		{A82F23B8-3F19-3108-8858-E80580938AAC}.Release|Win32.ActiveCfg = Release|Win32
		{A82F23B8-3F19-3108-8858-E80580938AAC}.Release|Win32.Build.0 = Release|Win32
		{A82F23B8-3F19-3108-8858-E80580938AAC}.MinSizeRel|Win32.ActiveCfg = MinSizeRel|Win32
		{A82F23B8-3F19-3108-8858-E80580938AAC}.MinSizeRel|Win32.Build.0 = MinSizeRel|Win32
		{A82F23B8-3F19-3108-8858-E80580938AAC}.RelWithDebInfo|Win32.ActiveCfg = RelWithDebInfo|Win32
		{A82F23B8-3F19-3108-8858-E80580938AAC}.RelWithDebInfo|Win32.Build.0 = RelWithDebInfo|Win32
	EndGlobalSection
	GlobalSection(NestedProjects) = preSolution
		{FAAD194C-9231-33F2-A1E4-0BEE62BA4ACD} = {C8362CA4-C64F-392C-8C57-A6B1D1406B7E}
		{F844C76D-2E42-3BB2-A9FB-004869E51377} = {C8362CA4-C64F-392C-8C57-A6B1D1406B7E}
		{7B0344F9-6081-3C9F-BBCA-8672C6606308} = {8499C6C6-20AC-392A-BB1E-50C695669378}
		{247102BE-55F2-310A-9C17-DC9EB90CF52E} = {8499C6C6-20AC-392A-BB1E-50C695669378}
		{DF41CA59-FBBB-30E0-B65B-8865E8870F58} = {8499C6C6-20AC-392A-BB1E-50C695669378}
		{8BA836BE-5E81-36D0-93B2-7C24019BA9DB} = {8499C6C6-20AC-392A-BB1E-50C695669378}
		{B9EC883F-04BC-35E4-A13B-CA957F29BA8D} = {8499C6C6-20AC-392A-BB1E-50C695669378}
		{73AD5C0F-F7A4-3B92-8D22-B7C1104AECD1} = {8499C6C6-20AC-392A-BB1E-50C695669378}
		{EFD3F370-60DA-3D4B-B674-49097B5575B9} = {8499C6C6-20AC-392A-BB1E-50C695669378}
		{57A3B2FE-B424-3168-AC9E-7760749DEE4A} = {8499C6C6-20AC-392A-BB1E-50C695669378}
		{057F218A-ED48-35E2-95AC-7FA2F4D7032F} = {8499C6C6-20AC-392A-BB1E-50C695669378}
		{FCD3B428-D150-37F9-8D6B-DC9B1C1A561A} = {8499C6C6-20AC-392A-BB1E-50C695669378}
		{A82F23B8-3F19-3108-8858-E80580938AAC} = {8499C6C6-20AC-392A-BB1E-50C695669378}
		{36A0ED9A-BB56-36A4-8336-62B65587130C} = {E9374D7D-9B43-344D-9455-F90B4B96BEBC}
		{F3126D14-EC00-360D-850D-726DA26F6960} = {245DAB4A-DEA7-30F0-A4F3-F568D70A119B}
	EndGlobalSection
	GlobalSection(ExtensibilityGlobals) = postSolution
		SolutionGuid = {D401A55F-76FD-3595-A89A-56C7489178C5}
	EndGlobalSection
	GlobalSection(ExtensibilityAddIns) = postSolution
	EndGlobalSection
EndGlobal
