
Microsoft Visual Studio Solution File, Format Version 12.00
# Visual Studio Version 16
Project("{2150E333-8FDC-42A3-9474-1A3956D46DE8}") = "CMakePredefinedTargets", "CMakePredefinedTargets", "{A7FC1695-0DFF-3B10-87D1-4332E58576CC}"
EndProject
Project("{2150E333-8FDC-42A3-9474-1A3956D46DE8}") = "External", "External", "{86797BCF-2E70-36E5-A1A1-68B8B8A35EF9}"
EndProject
Project("{2150E333-8FDC-42A3-9474-1A3956D46DE8}") = "Internal", "Internal", "{6CD2291D-92E6-3706-9DE3-B1F357D741D4}"
EndProject
Project("{2150E333-8FDC-42A3-9474-1A3956D46DE8}") = "Utils", "Utils", "{3D223255-3800-3F23-9272-0DFFB384CE74}"
EndProject
Project("{8BC9CEB8-8B4A-11D0-8D11-00A0C91BC942}") = "ALL_BUILD", "ALL_BUILD.vcxproj", "{1553C7A4-D183-35E0-BF0F-A6FA70B76E23}"
	ProjectSection(ProjectDependencies) = postProject
		{749A0ECF-F5DA-369D-8F36-05438BC50728} = {749A0ECF-F5DA-369D-8F36-05438BC50728}
		{545BBD1D-8151-3C93-B5A0-EE75D92CA194} = {545BBD1D-8151-3C93-B5A0-EE75D92CA194}
		{896DDCA6-A2C6-30CC-AC79-5D4DF1404873} = {896DDCA6-A2C6-30CC-AC79-5D4DF1404873}
		{BF009AD0-6386-3A4D-993C-98E7ABBE8660} = {BF009AD0-6386-3A4D-993C-98E7ABBE8660}
		{868C3483-83D0-395E-AAF8-3AE9239AC986} = {868C3483-83D0-395E-AAF8-3AE9239AC986}
		{E9C50A0D-1DF6-343D-8F51-10FE7623F7F4} = {E9C50A0D-1DF6-343D-8F51-10FE7623F7F4}
		{4F66C808-F02F-38F1-850D-0ABE73137E32} = {4F66C808-F02F-38F1-850D-0ABE73137E32}
		{E524FAAD-BAE7-3F81-8442-A7DBF914C279} = {E524FAAD-BAE7-3F81-8442-A7DBF914C279}
		{415E52F0-64E4-3F0F-B80F-BB6876C04634} = {415E52F0-64E4-3F0F-B80F-BB6876C04634}
		{DF22A2DE-F830-38EF-9089-00A314FEE92E} = {DF22A2DE-F830-38EF-9089-00A314FEE92E}
		{C44CD29E-0670-3CDA-ADDC-31D2BB7E4CF3} = {C44CD29E-0670-3CDA-ADDC-31D2BB7E4CF3}
		{6D11191A-4F31-304D-A23B-060E6535F5A4} = {6D11191A-4F31-304D-A23B-060E6535F5A4}
		{65896FC8-A48B-3E2A-ABDE-F220E48BFC5D} = {65896FC8-A48B-3E2A-ABDE-F220E48BFC5D}
		{B68BA08E-90A5-3989-BE74-746FD9A5CE58} = {B68BA08E-90A5-3989-BE74-746FD9A5CE58}
		{21133C93-4089-38CD-AC8C-A574C85EDB12} = {21133C93-4089-38CD-AC8C-A574C85EDB12}
	EndProjectSection
EndProject
Project("{8BC9CEB8-8B4A-11D0-8D11-00A0C91BC942}") = "Omok", "Omok.vcxproj", "{749A0ECF-F5DA-369D-8F36-05438BC50728}"
	ProjectSection(ProjectDependencies) = postProject
		{545BBD1D-8151-3C93-B5A0-EE75D92CA194} = {545BBD1D-8151-3C93-B5A0-EE75D92CA194}
		{896DDCA6-A2C6-30CC-AC79-5D4DF1404873} = {896DDCA6-A2C6-30CC-AC79-5D4DF1404873}
		{BF009AD0-6386-3A4D-993C-98E7ABBE8660} = {BF009AD0-6386-3A4D-993C-98E7ABBE8660}
		{868C3483-83D0-395E-AAF8-3AE9239AC986} = {868C3483-83D0-395E-AAF8-3AE9239AC986}
		{E9C50A0D-1DF6-343D-8F51-10FE7623F7F4} = {E9C50A0D-1DF6-343D-8F51-10FE7623F7F4}
		{4F66C808-F02F-38F1-850D-0ABE73137E32} = {4F66C808-F02F-38F1-850D-0ABE73137E32}
		{E524FAAD-BAE7-3F81-8442-A7DBF914C279} = {E524FAAD-BAE7-3F81-8442-A7DBF914C279}
		{415E52F0-64E4-3F0F-B80F-BB6876C04634} = {415E52F0-64E4-3F0F-B80F-BB6876C04634}
		{DF22A2DE-F830-38EF-9089-00A314FEE92E} = {DF22A2DE-F830-38EF-9089-00A314FEE92E}
		{C44CD29E-0670-3CDA-ADDC-31D2BB7E4CF3} = {C44CD29E-0670-3CDA-ADDC-31D2BB7E4CF3}
		{6D11191A-4F31-304D-A23B-060E6535F5A4} = {6D11191A-4F31-304D-A23B-060E6535F5A4}
		{65896FC8-A48B-3E2A-ABDE-F220E48BFC5D} = {65896FC8-A48B-3E2A-ABDE-F220E48BFC5D}
		{B68BA08E-90A5-3989-BE74-746FD9A5CE58} = {B68BA08E-90A5-3989-BE74-746FD9A5CE58}
		{21133C93-4089-38CD-AC8C-A574C85EDB12} = {21133C93-4089-38CD-AC8C-A574C85EDB12}
	EndProjectSection
EndProject
Project("{8BC9CEB8-8B4A-11D0-8D11-00A0C91BC942}") = "SYNC_RESOURCE-Omok", "SYNC_RESOURCE-Omok.vcxproj", "{545BBD1D-8151-3C93-B5A0-EE75D92CA194}"
	ProjectSection(ProjectDependencies) = postProject
		{896DDCA6-A2C6-30CC-AC79-5D4DF1404873} = {896DDCA6-A2C6-30CC-AC79-5D4DF1404873}
	EndProjectSection
EndProject
Project("{8BC9CEB8-8B4A-11D0-8D11-00A0C91BC942}") = "ZERO_CHECK", "ZERO_CHECK.vcxproj", "{896DDCA6-A2C6-30CC-AC79-5D4DF1404873}"
	ProjectSection(ProjectDependencies) = postProject
	EndProjectSection
EndProject
Project("{8BC9CEB8-8B4A-11D0-8D11-00A0C91BC942}") = "cocos2d", "engine\cocos\core\cocos2d.vcxproj", "{BF009AD0-6386-3A4D-993C-98E7ABBE8660}"
	ProjectSection(ProjectDependencies) = postProject
		{896DDCA6-A2C6-30CC-AC79-5D4DF1404873} = {896DDCA6-A2C6-30CC-AC79-5D4DF1404873}
		{868C3483-83D0-395E-AAF8-3AE9239AC986} = {868C3483-83D0-395E-AAF8-3AE9239AC986}
		{E9C50A0D-1DF6-343D-8F51-10FE7623F7F4} = {E9C50A0D-1DF6-343D-8F51-10FE7623F7F4}
		{4F66C808-F02F-38F1-850D-0ABE73137E32} = {4F66C808-F02F-38F1-850D-0ABE73137E32}
		{E524FAAD-BAE7-3F81-8442-A7DBF914C279} = {E524FAAD-BAE7-3F81-8442-A7DBF914C279}
		{415E52F0-64E4-3F0F-B80F-BB6876C04634} = {415E52F0-64E4-3F0F-B80F-BB6876C04634}
		{DF22A2DE-F830-38EF-9089-00A314FEE92E} = {DF22A2DE-F830-38EF-9089-00A314FEE92E}
		{C44CD29E-0670-3CDA-ADDC-31D2BB7E4CF3} = {C44CD29E-0670-3CDA-ADDC-31D2BB7E4CF3}
		{6D11191A-4F31-304D-A23B-060E6535F5A4} = {6D11191A-4F31-304D-A23B-060E6535F5A4}
		{65896FC8-A48B-3E2A-ABDE-F220E48BFC5D} = {65896FC8-A48B-3E2A-ABDE-F220E48BFC5D}
		{B68BA08E-90A5-3989-BE74-746FD9A5CE58} = {B68BA08E-90A5-3989-BE74-746FD9A5CE58}
		{21133C93-4089-38CD-AC8C-A574C85EDB12} = {21133C93-4089-38CD-AC8C-A574C85EDB12}
	EndProjectSection
EndProject
Project("{8BC9CEB8-8B4A-11D0-8D11-00A0C91BC942}") = "ext_clipper", "engine\external\clipper\ext_clipper.vcxproj", "{868C3483-83D0-395E-AAF8-3AE9239AC986}"
	ProjectSection(ProjectDependencies) = postProject
		{896DDCA6-A2C6-30CC-AC79-5D4DF1404873} = {896DDCA6-A2C6-30CC-AC79-5D4DF1404873}
	EndProjectSection
EndProject
Project("{8BC9CEB8-8B4A-11D0-8D11-00A0C91BC942}") = "ext_convertUTF", "engine\external\ConvertUTF\ext_convertUTF.vcxproj", "{E9C50A0D-1DF6-343D-8F51-10FE7623F7F4}"
	ProjectSection(ProjectDependencies) = postProject
		{896DDCA6-A2C6-30CC-AC79-5D4DF1404873} = {896DDCA6-A2C6-30CC-AC79-5D4DF1404873}
	EndProjectSection
EndProject
Project("{8BC9CEB8-8B4A-11D0-8D11-00A0C91BC942}") = "ext_edtaa3func", "engine\external\edtaa3func\ext_edtaa3func.vcxproj", "{4F66C808-F02F-38F1-850D-0ABE73137E32}"
	ProjectSection(ProjectDependencies) = postProject
		{896DDCA6-A2C6-30CC-AC79-5D4DF1404873} = {896DDCA6-A2C6-30CC-AC79-5D4DF1404873}
	EndProjectSection
EndProject
Project("{8BC9CEB8-8B4A-11D0-8D11-00A0C91BC942}") = "ext_md5", "engine\external\md5\ext_md5.vcxproj", "{E524FAAD-BAE7-3F81-8442-A7DBF914C279}"
	ProjectSection(ProjectDependencies) = postProject
		{896DDCA6-A2C6-30CC-AC79-5D4DF1404873} = {896DDCA6-A2C6-30CC-AC79-5D4DF1404873}
	EndProjectSection
EndProject
Project("{8BC9CEB8-8B4A-11D0-8D11-00A0C91BC942}") = "ext_poly2tri", "engine\external\poly2tri\ext_poly2tri.vcxproj", "{415E52F0-64E4-3F0F-B80F-BB6876C04634}"
	ProjectSection(ProjectDependencies) = postProject
		{896DDCA6-A2C6-30CC-AC79-5D4DF1404873} = {896DDCA6-A2C6-30CC-AC79-5D4DF1404873}
	EndProjectSection
EndProject
Project("{8BC9CEB8-8B4A-11D0-8D11-00A0C91BC942}") = "ext_recast", "engine\external\recast\ext_recast.vcxproj", "{DF22A2DE-F830-38EF-9089-00A314FEE92E}"
	ProjectSection(ProjectDependencies) = postProject
		{896DDCA6-A2C6-30CC-AC79-5D4DF1404873} = {896DDCA6-A2C6-30CC-AC79-5D4DF1404873}
	EndProjectSection
EndProject
Project("{8BC9CEB8-8B4A-11D0-8D11-00A0C91BC942}") = "ext_tinyxml2", "engine\external\tinyxml2\ext_tinyxml2.vcxproj", "{C44CD29E-0670-3CDA-ADDC-31D2BB7E4CF3}"
	ProjectSection(ProjectDependencies) = postProject
		{896DDCA6-A2C6-30CC-AC79-5D4DF1404873} = {896DDCA6-A2C6-30CC-AC79-5D4DF1404873}
	EndProjectSection
EndProject
Project("{8BC9CEB8-8B4A-11D0-8D11-00A0C91BC942}") = "ext_unzip", "engine\external\unzip\ext_unzip.vcxproj", "{6D11191A-4F31-304D-A23B-060E6535F5A4}"
	ProjectSection(ProjectDependencies) = postProject
		{896DDCA6-A2C6-30CC-AC79-5D4DF1404873} = {896DDCA6-A2C6-30CC-AC79-5D4DF1404873}
	EndProjectSection
EndProject
Project("{8BC9CEB8-8B4A-11D0-8D11-00A0C91BC942}") = "ext_xxhash", "engine\external\xxhash\ext_xxhash.vcxproj", "{65896FC8-A48B-3E2A-ABDE-F220E48BFC5D}"
	ProjectSection(ProjectDependencies) = postProject
		{896DDCA6-A2C6-30CC-AC79-5D4DF1404873} = {896DDCA6-A2C6-30CC-AC79-5D4DF1404873}
	EndProjectSection
EndProject
Project("{8BC9CEB8-8B4A-11D0-8D11-00A0C91BC942}") = "ext_xxtea", "engine\external\xxtea\ext_xxtea.vcxproj", "{B68BA08E-90A5-3989-BE74-746FD9A5CE58}"
	ProjectSection(ProjectDependencies) = postProject
		{896DDCA6-A2C6-30CC-AC79-5D4DF1404873} = {896DDCA6-A2C6-30CC-AC79-5D4DF1404873}
	EndProjectSection
EndProject
Project("{8BC9CEB8-8B4A-11D0-8D11-00A0C91BC942}") = "external", "engine\external\external.vcxproj", "{21133C93-4089-38CD-AC8C-A574C85EDB12}"
	ProjectSection(ProjectDependencies) = postProject
		{896DDCA6-A2C6-30CC-AC79-5D4DF1404873} = {896DDCA6-A2C6-30CC-AC79-5D4DF1404873}
		{868C3483-83D0-395E-AAF8-3AE9239AC986} = {868C3483-83D0-395E-AAF8-3AE9239AC986}
		{E9C50A0D-1DF6-343D-8F51-10FE7623F7F4} = {E9C50A0D-1DF6-343D-8F51-10FE7623F7F4}
		{4F66C808-F02F-38F1-850D-0ABE73137E32} = {4F66C808-F02F-38F1-850D-0ABE73137E32}
		{E524FAAD-BAE7-3F81-8442-A7DBF914C279} = {E524FAAD-BAE7-3F81-8442-A7DBF914C279}
		{415E52F0-64E4-3F0F-B80F-BB6876C04634} = {415E52F0-64E4-3F0F-B80F-BB6876C04634}
		{DF22A2DE-F830-38EF-9089-00A314FEE92E} = {DF22A2DE-F830-38EF-9089-00A314FEE92E}
		{C44CD29E-0670-3CDA-ADDC-31D2BB7E4CF3} = {C44CD29E-0670-3CDA-ADDC-31D2BB7E4CF3}
		{6D11191A-4F31-304D-A23B-060E6535F5A4} = {6D11191A-4F31-304D-A23B-060E6535F5A4}
		{65896FC8-A48B-3E2A-ABDE-F220E48BFC5D} = {65896FC8-A48B-3E2A-ABDE-F220E48BFC5D}
		{B68BA08E-90A5-3989-BE74-746FD9A5CE58} = {B68BA08E-90A5-3989-BE74-746FD9A5CE58}
	EndProjectSection
EndProject
Global
	GlobalSection(SolutionConfigurationPlatforms) = preSolution
		Debug|Win32 = Debug|Win32
		Release|Win32 = Release|Win32
		MinSizeRel|Win32 = MinSizeRel|Win32
		RelWithDebInfo|Win32 = RelWithDebInfo|Win32
	EndGlobalSection
	GlobalSection(ProjectConfigurationPlatforms) = postSolution
		{1553C7A4-D183-35E0-BF0F-A6FA70B76E23}.Debug|Win32.ActiveCfg = Debug|Win32
		{1553C7A4-D183-35E0-BF0F-A6FA70B76E23}.Release|Win32.ActiveCfg = Release|Win32
		{1553C7A4-D183-35E0-BF0F-A6FA70B76E23}.MinSizeRel|Win32.ActiveCfg = MinSizeRel|Win32
		{1553C7A4-D183-35E0-BF0F-A6FA70B76E23}.RelWithDebInfo|Win32.ActiveCfg = RelWithDebInfo|Win32
		{749A0ECF-F5DA-369D-8F36-05438BC50728}.Debug|Win32.ActiveCfg = Debug|Win32
		{749A0ECF-F5DA-369D-8F36-05438BC50728}.Debug|Win32.Build.0 = Debug|Win32
		{749A0ECF-F5DA-369D-8F36-05438BC50728}.Release|Win32.ActiveCfg = Release|Win32
		{749A0ECF-F5DA-369D-8F36-05438BC50728}.Release|Win32.Build.0 = Release|Win32
		{749A0ECF-F5DA-369D-8F36-05438BC50728}.MinSizeRel|Win32.ActiveCfg = MinSizeRel|Win32
		{749A0ECF-F5DA-369D-8F36-05438BC50728}.MinSizeRel|Win32.Build.0 = MinSizeRel|Win32
		{749A0ECF-F5DA-369D-8F36-05438BC50728}.RelWithDebInfo|Win32.ActiveCfg = RelWithDebInfo|Win32
		{749A0ECF-F5DA-369D-8F36-05438BC50728}.RelWithDebInfo|Win32.Build.0 = RelWithDebInfo|Win32
		{545BBD1D-8151-3C93-B5A0-EE75D92CA194}.Debug|Win32.ActiveCfg = Debug|Win32
		{545BBD1D-8151-3C93-B5A0-EE75D92CA194}.Debug|Win32.Build.0 = Debug|Win32
		{545BBD1D-8151-3C93-B5A0-EE75D92CA194}.Release|Win32.ActiveCfg = Release|Win32
		{545BBD1D-8151-3C93-B5A0-EE75D92CA194}.Release|Win32.Build.0 = Release|Win32
		{545BBD1D-8151-3C93-B5A0-EE75D92CA194}.MinSizeRel|Win32.ActiveCfg = MinSizeRel|Win32
		{545BBD1D-8151-3C93-B5A0-EE75D92CA194}.MinSizeRel|Win32.Build.0 = MinSizeRel|Win32
		{545BBD1D-8151-3C93-B5A0-EE75D92CA194}.RelWithDebInfo|Win32.ActiveCfg = RelWithDebInfo|Win32
		{545BBD1D-8151-3C93-B5A0-EE75D92CA194}.RelWithDebInfo|Win32.Build.0 = RelWithDebInfo|Win32
		{896DDCA6-A2C6-30CC-AC79-5D4DF1404873}.Debug|Win32.ActiveCfg = Debug|Win32
		{896DDCA6-A2C6-30CC-AC79-5D4DF1404873}.Debug|Win32.Build.0 = Debug|Win32
		{896DDCA6-A2C6-30CC-AC79-5D4DF1404873}.Release|Win32.ActiveCfg = Release|Win32
		{896DDCA6-A2C6-30CC-AC79-5D4DF1404873}.Release|Win32.Build.0 = Release|Win32
		{896DDCA6-A2C6-30CC-AC79-5D4DF1404873}.MinSizeRel|Win32.ActiveCfg = MinSizeRel|Win32
		{896DDCA6-A2C6-30CC-AC79-5D4DF1404873}.MinSizeRel|Win32.Build.0 = MinSizeRel|Win32
		{896DDCA6-A2C6-30CC-AC79-5D4DF1404873}.RelWithDebInfo|Win32.ActiveCfg = RelWithDebInfo|Win32
		{896DDCA6-A2C6-30CC-AC79-5D4DF1404873}.RelWithDebInfo|Win32.Build.0 = RelWithDebInfo|Win32
		{BF009AD0-6386-3A4D-993C-98E7ABBE8660}.Debug|Win32.ActiveCfg = Debug|Win32
		{BF009AD0-6386-3A4D-993C-98E7ABBE8660}.Debug|Win32.Build.0 = Debug|Win32
		{BF009AD0-6386-3A4D-993C-98E7ABBE8660}.Release|Win32.ActiveCfg = Release|Win32
		{BF009AD0-6386-3A4D-993C-98E7ABBE8660}.Release|Win32.Build.0 = Release|Win32
		{BF009AD0-6386-3A4D-993C-98E7ABBE8660}.MinSizeRel|Win32.ActiveCfg = MinSizeRel|Win32
		{BF009AD0-6386-3A4D-993C-98E7ABBE8660}.MinSizeRel|Win32.Build.0 = MinSizeRel|Win32
		{BF009AD0-6386-3A4D-993C-98E7ABBE8660}.RelWithDebInfo|Win32.ActiveCfg = RelWithDebInfo|Win32
		{BF009AD0-6386-3A4D-993C-98E7ABBE8660}.RelWithDebInfo|Win32.Build.0 = RelWithDebInfo|Win32
		{868C3483-83D0-395E-AAF8-3AE9239AC986}.Debug|Win32.ActiveCfg = Debug|Win32
		{868C3483-83D0-395E-AAF8-3AE9239AC986}.Debug|Win32.Build.0 = Debug|Win32
		{868C3483-83D0-395E-AAF8-3AE9239AC986}.Release|Win32.ActiveCfg = Release|Win32
		{868C3483-83D0-395E-AAF8-3AE9239AC986}.Release|Win32.Build.0 = Release|Win32
		{868C3483-83D0-395E-AAF8-3AE9239AC986}.MinSizeRel|Win32.ActiveCfg = MinSizeRel|Win32
		{868C3483-83D0-395E-AAF8-3AE9239AC986}.MinSizeRel|Win32.Build.0 = MinSizeRel|Win32
		{868C3483-83D0-395E-AAF8-3AE9239AC986}.RelWithDebInfo|Win32.ActiveCfg = RelWithDebInfo|Win32
		{868C3483-83D0-395E-AAF8-3AE9239AC986}.RelWithDebInfo|Win32.Build.0 = RelWithDebInfo|Win32
		{E9C50A0D-1DF6-343D-8F51-10FE7623F7F4}.Debug|Win32.ActiveCfg = Debug|Win32
		{E9C50A0D-1DF6-343D-8F51-10FE7623F7F4}.Debug|Win32.Build.0 = Debug|Win32
		{E9C50A0D-1DF6-343D-8F51-10FE7623F7F4}.Release|Win32.ActiveCfg = Release|Win32
		{E9C50A0D-1DF6-343D-8F51-10FE7623F7F4}.Release|Win32.Build.0 = Release|Win32
		{E9C50A0D-1DF6-343D-8F51-10FE7623F7F4}.MinSizeRel|Win32.ActiveCfg = MinSizeRel|Win32
		{E9C50A0D-1DF6-343D-8F51-10FE7623F7F4}.MinSizeRel|Win32.Build.0 = MinSizeRel|Win32
		{E9C50A0D-1DF6-343D-8F51-10FE7623F7F4}.RelWithDebInfo|Win32.ActiveCfg = RelWithDebInfo|Win32
		{E9C50A0D-1DF6-343D-8F51-10FE7623F7F4}.RelWithDebInfo|Win32.Build.0 = RelWithDebInfo|Win32
		{4F66C808-F02F-38F1-850D-0ABE73137E32}.Debug|Win32.ActiveCfg = Debug|Win32
		{4F66C808-F02F-38F1-850D-0ABE73137E32}.Debug|Win32.Build.0 = Debug|Win32
		{4F66C808-F02F-38F1-850D-0ABE73137E32}.Release|Win32.ActiveCfg = Release|Win32
		{4F66C808-F02F-38F1-850D-0ABE73137E32}.Release|Win32.Build.0 = Release|Win32
		{4F66C808-F02F-38F1-850D-0ABE73137E32}.MinSizeRel|Win32.ActiveCfg = MinSizeRel|Win32
		{4F66C808-F02F-38F1-850D-0ABE73137E32}.MinSizeRel|Win32.Build.0 = MinSizeRel|Win32
		{4F66C808-F02F-38F1-850D-0ABE73137E32}.RelWithDebInfo|Win32.ActiveCfg = RelWithDebInfo|Win32
		{4F66C808-F02F-38F1-850D-0ABE73137E32}.RelWithDebInfo|Win32.Build.0 = RelWithDebInfo|Win32
		{E524FAAD-BAE7-3F81-8442-A7DBF914C279}.Debug|Win32.ActiveCfg = Debug|Win32
		{E524FAAD-BAE7-3F81-8442-A7DBF914C279}.Debug|Win32.Build.0 = Debug|Win32
		{E524FAAD-BAE7-3F81-8442-A7DBF914C279}.Release|Win32.ActiveCfg = Release|Win32
		{E524FAAD-BAE7-3F81-8442-A7DBF914C279}.Release|Win32.Build.0 = Release|Win32
		{E524FAAD-BAE7-3F81-8442-A7DBF914C279}.MinSizeRel|Win32.ActiveCfg = MinSizeRel|Win32
		{E524FAAD-BAE7-3F81-8442-A7DBF914C279}.MinSizeRel|Win32.Build.0 = MinSizeRel|Win32
		{E524FAAD-BAE7-3F81-8442-A7DBF914C279}.RelWithDebInfo|Win32.ActiveCfg = RelWithDebInfo|Win32
		{E524FAAD-BAE7-3F81-8442-A7DBF914C279}.RelWithDebInfo|Win32.Build.0 = RelWithDebInfo|Win32
		{415E52F0-64E4-3F0F-B80F-BB6876C04634}.Debug|Win32.ActiveCfg = Debug|Win32
		{415E52F0-64E4-3F0F-B80F-BB6876C04634}.Debug|Win32.Build.0 = Debug|Win32
		{415E52F0-64E4-3F0F-B80F-BB6876C04634}.Release|Win32.ActiveCfg = Release|Win32
		{415E52F0-64E4-3F0F-B80F-BB6876C04634}.Release|Win32.Build.0 = Release|Win32
		{415E52F0-64E4-3F0F-B80F-BB6876C04634}.MinSizeRel|Win32.ActiveCfg = MinSizeRel|Win32
		{415E52F0-64E4-3F0F-B80F-BB6876C04634}.MinSizeRel|Win32.Build.0 = MinSizeRel|Win32
		{415E52F0-64E4-3F0F-B80F-BB6876C04634}.RelWithDebInfo|Win32.ActiveCfg = RelWithDebInfo|Win32
		{415E52F0-64E4-3F0F-B80F-BB6876C04634}.RelWithDebInfo|Win32.Build.0 = RelWithDebInfo|Win32
		{DF22A2DE-F830-38EF-9089-00A314FEE92E}.Debug|Win32.ActiveCfg = Debug|Win32
		{DF22A2DE-F830-38EF-9089-00A314FEE92E}.Debug|Win32.Build.0 = Debug|Win32
		{DF22A2DE-F830-38EF-9089-00A314FEE92E}.Release|Win32.ActiveCfg = Release|Win32
		{DF22A2DE-F830-38EF-9089-00A314FEE92E}.Release|Win32.Build.0 = Release|Win32
		{DF22A2DE-F830-38EF-9089-00A314FEE92E}.MinSizeRel|Win32.ActiveCfg = MinSizeRel|Win32
		{DF22A2DE-F830-38EF-9089-00A314FEE92E}.MinSizeRel|Win32.Build.0 = MinSizeRel|Win32
		{DF22A2DE-F830-38EF-9089-00A314FEE92E}.RelWithDebInfo|Win32.ActiveCfg = RelWithDebInfo|Win32
		{DF22A2DE-F830-38EF-9089-00A314FEE92E}.RelWithDebInfo|Win32.Build.0 = RelWithDebInfo|Win32
		{C44CD29E-0670-3CDA-ADDC-31D2BB7E4CF3}.Debug|Win32.ActiveCfg = Debug|Win32
		{C44CD29E-0670-3CDA-ADDC-31D2BB7E4CF3}.Debug|Win32.Build.0 = Debug|Win32
		{C44CD29E-0670-3CDA-ADDC-31D2BB7E4CF3}.Release|Win32.ActiveCfg = Release|Win32
		{C44CD29E-0670-3CDA-ADDC-31D2BB7E4CF3}.Release|Win32.Build.0 = Release|Win32
		{C44CD29E-0670-3CDA-ADDC-31D2BB7E4CF3}.MinSizeRel|Win32.ActiveCfg = MinSizeRel|Win32
		{C44CD29E-0670-3CDA-ADDC-31D2BB7E4CF3}.MinSizeRel|Win32.Build.0 = MinSizeRel|Win32
		{C44CD29E-0670-3CDA-ADDC-31D2BB7E4CF3}.RelWithDebInfo|Win32.ActiveCfg = RelWithDebInfo|Win32
		{C44CD29E-0670-3CDA-ADDC-31D2BB7E4CF3}.RelWithDebInfo|Win32.Build.0 = RelWithDebInfo|Win32
		{6D11191A-4F31-304D-A23B-060E6535F5A4}.Debug|Win32.ActiveCfg = Debug|Win32
		{6D11191A-4F31-304D-A23B-060E6535F5A4}.Debug|Win32.Build.0 = Debug|Win32
		{6D11191A-4F31-304D-A23B-060E6535F5A4}.Release|Win32.ActiveCfg = Release|Win32
		{6D11191A-4F31-304D-A23B-060E6535F5A4}.Release|Win32.Build.0 = Release|Win32
		{6D11191A-4F31-304D-A23B-060E6535F5A4}.MinSizeRel|Win32.ActiveCfg = MinSizeRel|Win32
		{6D11191A-4F31-304D-A23B-060E6535F5A4}.MinSizeRel|Win32.Build.0 = MinSizeRel|Win32
		{6D11191A-4F31-304D-A23B-060E6535F5A4}.RelWithDebInfo|Win32.ActiveCfg = RelWithDebInfo|Win32
		{6D11191A-4F31-304D-A23B-060E6535F5A4}.RelWithDebInfo|Win32.Build.0 = RelWithDebInfo|Win32
		{65896FC8-A48B-3E2A-ABDE-F220E48BFC5D}.Debug|Win32.ActiveCfg = Debug|Win32
		{65896FC8-A48B-3E2A-ABDE-F220E48BFC5D}.Debug|Win32.Build.0 = Debug|Win32
		{65896FC8-A48B-3E2A-ABDE-F220E48BFC5D}.Release|Win32.ActiveCfg = Release|Win32
		{65896FC8-A48B-3E2A-ABDE-F220E48BFC5D}.Release|Win32.Build.0 = Release|Win32
		{65896FC8-A48B-3E2A-ABDE-F220E48BFC5D}.MinSizeRel|Win32.ActiveCfg = MinSizeRel|Win32
		{65896FC8-A48B-3E2A-ABDE-F220E48BFC5D}.MinSizeRel|Win32.Build.0 = MinSizeRel|Win32
		{65896FC8-A48B-3E2A-ABDE-F220E48BFC5D}.RelWithDebInfo|Win32.ActiveCfg = RelWithDebInfo|Win32
		{65896FC8-A48B-3E2A-ABDE-F220E48BFC5D}.RelWithDebInfo|Win32.Build.0 = RelWithDebInfo|Win32
		{B68BA08E-90A5-3989-BE74-746FD9A5CE58}.Debug|Win32.ActiveCfg = Debug|Win32
		{B68BA08E-90A5-3989-BE74-746FD9A5CE58}.Debug|Win32.Build.0 = Debug|Win32
		{B68BA08E-90A5-3989-BE74-746FD9A5CE58}.Release|Win32.ActiveCfg = Release|Win32
		{B68BA08E-90A5-3989-BE74-746FD9A5CE58}.Release|Win32.Build.0 = Release|Win32
		{B68BA08E-90A5-3989-BE74-746FD9A5CE58}.MinSizeRel|Win32.ActiveCfg = MinSizeRel|Win32
		{B68BA08E-90A5-3989-BE74-746FD9A5CE58}.MinSizeRel|Win32.Build.0 = MinSizeRel|Win32
		{B68BA08E-90A5-3989-BE74-746FD9A5CE58}.RelWithDebInfo|Win32.ActiveCfg = RelWithDebInfo|Win32
		{B68BA08E-90A5-3989-BE74-746FD9A5CE58}.RelWithDebInfo|Win32.Build.0 = RelWithDebInfo|Win32
		{21133C93-4089-38CD-AC8C-A574C85EDB12}.Debug|Win32.ActiveCfg = Debug|Win32
		{21133C93-4089-38CD-AC8C-A574C85EDB12}.Debug|Win32.Build.0 = Debug|Win32
		{21133C93-4089-38CD-AC8C-A574C85EDB12}.Release|Win32.ActiveCfg = Release|Win32
		{21133C93-4089-38CD-AC8C-A574C85EDB12}.Release|Win32.Build.0 = Release|Win32
		{21133C93-4089-38CD-AC8C-A574C85EDB12}.MinSizeRel|Win32.ActiveCfg = MinSizeRel|Win32
		{21133C93-4089-38CD-AC8C-A574C85EDB12}.MinSizeRel|Win32.Build.0 = MinSizeRel|Win32
		{21133C93-4089-38CD-AC8C-A574C85EDB12}.RelWithDebInfo|Win32.ActiveCfg = RelWithDebInfo|Win32
		{21133C93-4089-38CD-AC8C-A574C85EDB12}.RelWithDebInfo|Win32.Build.0 = RelWithDebInfo|Win32
	EndGlobalSection
	GlobalSection(NestedProjects) = preSolution
		{1553C7A4-D183-35E0-BF0F-A6FA70B76E23} = {A7FC1695-0DFF-3B10-87D1-4332E58576CC}
		{896DDCA6-A2C6-30CC-AC79-5D4DF1404873} = {A7FC1695-0DFF-3B10-87D1-4332E58576CC}
		{868C3483-83D0-395E-AAF8-3AE9239AC986} = {86797BCF-2E70-36E5-A1A1-68B8B8A35EF9}
		{E9C50A0D-1DF6-343D-8F51-10FE7623F7F4} = {86797BCF-2E70-36E5-A1A1-68B8B8A35EF9}
		{4F66C808-F02F-38F1-850D-0ABE73137E32} = {86797BCF-2E70-36E5-A1A1-68B8B8A35EF9}
		{E524FAAD-BAE7-3F81-8442-A7DBF914C279} = {86797BCF-2E70-36E5-A1A1-68B8B8A35EF9}
		{415E52F0-64E4-3F0F-B80F-BB6876C04634} = {86797BCF-2E70-36E5-A1A1-68B8B8A35EF9}
		{DF22A2DE-F830-38EF-9089-00A314FEE92E} = {86797BCF-2E70-36E5-A1A1-68B8B8A35EF9}
		{C44CD29E-0670-3CDA-ADDC-31D2BB7E4CF3} = {86797BCF-2E70-36E5-A1A1-68B8B8A35EF9}
		{6D11191A-4F31-304D-A23B-060E6535F5A4} = {86797BCF-2E70-36E5-A1A1-68B8B8A35EF9}
		{65896FC8-A48B-3E2A-ABDE-F220E48BFC5D} = {86797BCF-2E70-36E5-A1A1-68B8B8A35EF9}
		{B68BA08E-90A5-3989-BE74-746FD9A5CE58} = {86797BCF-2E70-36E5-A1A1-68B8B8A35EF9}
		{21133C93-4089-38CD-AC8C-A574C85EDB12} = {86797BCF-2E70-36E5-A1A1-68B8B8A35EF9}
		{BF009AD0-6386-3A4D-993C-98E7ABBE8660} = {6CD2291D-92E6-3706-9DE3-B1F357D741D4}
		{545BBD1D-8151-3C93-B5A0-EE75D92CA194} = {3D223255-3800-3F23-9272-0DFFB384CE74}
	EndGlobalSection
	GlobalSection(ExtensibilityGlobals) = postSolution
		SolutionGuid = {72D68330-AC60-3A43-A892-73D98CCF937E}
	EndGlobalSection
	GlobalSection(ExtensibilityAddIns) = postSolution
	EndGlobalSection
EndGlobal
